// !$*UTF8*$!
{
	archiveVersion = 1;
	classes = {
	};
	objectVersion = 46;
	objects = {

/* Begin PBXBuildFile section */
		300EB797CE9245DE983FFBE0 /* libPods.a in Frameworks */ = {isa = PBXBuildFile; fileRef = 6FF1B79420DE4E349E3746C0 /* libPods.a */; };
		CA7A1C4F1922CBF8004AC3CF /* Cocoa.framework in Frameworks */ = {isa = PBXBuildFile; fileRef = CA7A1C4E1922CBF8004AC3CF /* Cocoa.framework */; };
		CA7A1C591922CBF8004AC3CF /* InfoPlist.strings in Resources */ = {isa = PBXBuildFile; fileRef = CA7A1C571922CBF8004AC3CF /* InfoPlist.strings */; };
		CA7A1C5B1922CBF8004AC3CF /* main.m in Sources */ = {isa = PBXBuildFile; fileRef = CA7A1C5A1922CBF8004AC3CF /* main.m */; };
		CA7A1C5F1922CBF8004AC3CF /* Credits.rtf in Resources */ = {isa = PBXBuildFile; fileRef = CA7A1C5D1922CBF8004AC3CF /* Credits.rtf */; };
		CA7A1C621922CBF8004AC3CF /* RPAppDelegate.m in Sources */ = {isa = PBXBuildFile; fileRef = CA7A1C611922CBF8004AC3CF /* RPAppDelegate.m */; };
		CA7A1C651922CBF8004AC3CF /* MainMenu.xib in Resources */ = {isa = PBXBuildFile; fileRef = CA7A1C631922CBF8004AC3CF /* MainMenu.xib */; };
		CA7A1C671922CBF8004AC3CF /* Images.xcassets in Resources */ = {isa = PBXBuildFile; fileRef = CA7A1C661922CBF8004AC3CF /* Images.xcassets */; };
		CA7A1C6E1922CBF8004AC3CF /* XCTest.framework in Frameworks */ = {isa = PBXBuildFile; fileRef = CA7A1C6D1922CBF8004AC3CF /* XCTest.framework */; };
		CA7A1C6F1922CBF8004AC3CF /* Cocoa.framework in Frameworks */ = {isa = PBXBuildFile; fileRef = CA7A1C4E1922CBF8004AC3CF /* Cocoa.framework */; };
		CA7A1C771922CBF8004AC3CF /* InfoPlist.strings in Resources */ = {isa = PBXBuildFile; fileRef = CA7A1C751922CBF8004AC3CF /* InfoPlist.strings */; };
		CA7A1C791922CBF8004AC3CF /* RPInstantAlphaDemoTests.m in Sources */ = {isa = PBXBuildFile; fileRef = CA7A1C781922CBF8004AC3CF /* RPInstantAlphaDemoTests.m */; };
/* End PBXBuildFile section */

/* Begin PBXContainerItemProxy section */
		CA7A1C701922CBF8004AC3CF /* PBXContainerItemProxy */ = {
			isa = PBXContainerItemProxy;
			containerPortal = CA7A1C431922CBF8004AC3CF /* Project object */;
			proxyType = 1;
			remoteGlobalIDString = CA7A1C4A1922CBF8004AC3CF;
			remoteInfo = RPInstantAlphaDemo;
		};
/* End PBXContainerItemProxy section */

/* Begin PBXFileReference section */
		588CF5E41D5D4DC5BC168E03 /* Pods.xcconfig */ = {isa = PBXFileReference; includeInIndex = 1; lastKnownFileType = text.xcconfig; name = Pods.xcconfig; path = Pods/Pods.xcconfig; sourceTree = "<group>"; };
		6FF1B79420DE4E349E3746C0 /* libPods.a */ = {isa = PBXFileReference; explicitFileType = archive.ar; includeInIndex = 0; path = libPods.a; sourceTree = BUILT_PRODUCTS_DIR; };
		CA7A1C4B1922CBF8004AC3CF /* RPInstantAlphaDemo.app */ = {isa = PBXFileReference; explicitFileType = wrapper.application; includeInIndex = 0; path = RPInstantAlphaDemo.app; sourceTree = BUILT_PRODUCTS_DIR; };
		CA7A1C4E1922CBF8004AC3CF /* Cocoa.framework */ = {isa = PBXFileReference; lastKnownFileType = wrapper.framework; name = Cocoa.framework; path = System/Library/Frameworks/Cocoa.framework; sourceTree = SDKROOT; };
		CA7A1C511922CBF8004AC3CF /* AppKit.framework */ = {isa = PBXFileReference; lastKnownFileType = wrapper.framework; name = AppKit.framework; path = System/Library/Frameworks/AppKit.framework; sourceTree = SDKROOT; };
		CA7A1C521922CBF8004AC3CF /* CoreData.framework */ = {isa = PBXFileReference; lastKnownFileType = wrapper.framework; name = CoreData.framework; path = System/Library/Frameworks/CoreData.framework; sourceTree = SDKROOT; };
		CA7A1C531922CBF8004AC3CF /* Foundation.framework */ = {isa = PBXFileReference; lastKnownFileType = wrapper.framework; name = Foundation.framework; path = System/Library/Frameworks/Foundation.framework; sourceTree = SDKROOT; };
		CA7A1C561922CBF8004AC3CF /* RPInstantAlphaDemo-Info.plist */ = {isa = PBXFileReference; lastKnownFileType = text.plist.xml; path = "RPInstantAlphaDemo-Info.plist"; sourceTree = "<group>"; };
		CA7A1C581922CBF8004AC3CF /* en */ = {isa = PBXFileReference; lastKnownFileType = text.plist.strings; name = en; path = en.lproj/InfoPlist.strings; sourceTree = "<group>"; };
		CA7A1C5A1922CBF8004AC3CF /* main.m */ = {isa = PBXFileReference; lastKnownFileType = sourcecode.c.objc; path = main.m; sourceTree = "<group>"; };
		CA7A1C5C1922CBF8004AC3CF /* RPInstantAlphaDemo-Prefix.pch */ = {isa = PBXFileReference; lastKnownFileType = sourcecode.c.h; path = "RPInstantAlphaDemo-Prefix.pch"; sourceTree = "<group>"; };
		CA7A1C5E1922CBF8004AC3CF /* en */ = {isa = PBXFileReference; lastKnownFileType = text.rtf; name = en; path = en.lproj/Credits.rtf; sourceTree = "<group>"; };
		CA7A1C601922CBF8004AC3CF /* RPAppDelegate.h */ = {isa = PBXFileReference; lastKnownFileType = sourcecode.c.h; path = RPAppDelegate.h; sourceTree = "<group>"; };
		CA7A1C611922CBF8004AC3CF /* RPAppDelegate.m */ = {isa = PBXFileReference; lastKnownFileType = sourcecode.c.objc; path = RPAppDelegate.m; sourceTree = "<group>"; };
		CA7A1C641922CBF8004AC3CF /* Base */ = {isa = PBXFileReference; lastKnownFileType = file.xib; name = Base; path = Base.lproj/MainMenu.xib; sourceTree = "<group>"; };
		CA7A1C661922CBF8004AC3CF /* Images.xcassets */ = {isa = PBXFileReference; lastKnownFileType = folder.assetcatalog; path = Images.xcassets; sourceTree = "<group>"; };
		CA7A1C6C1922CBF8004AC3CF /* RPInstantAlphaDemoTests.xctest */ = {isa = PBXFileReference; explicitFileType = wrapper.cfbundle; includeInIndex = 0; path = RPInstantAlphaDemoTests.xctest; sourceTree = BUILT_PRODUCTS_DIR; };
		CA7A1C6D1922CBF8004AC3CF /* XCTest.framework */ = {isa = PBXFileReference; lastKnownFileType = wrapper.framework; name = XCTest.framework; path = Library/Frameworks/XCTest.framework; sourceTree = DEVELOPER_DIR; };
		CA7A1C741922CBF8004AC3CF /* RPInstantAlphaDemoTests-Info.plist */ = {isa = PBXFileReference; lastKnownFileType = text.plist.xml; path = "RPInstantAlphaDemoTests-Info.plist"; sourceTree = "<group>"; };
		CA7A1C761922CBF8004AC3CF /* en */ = {isa = PBXFileReference; lastKnownFileType = text.plist.strings; name = en; path = en.lproj/InfoPlist.strings; sourceTree = "<group>"; };
		CA7A1C781922CBF8004AC3CF /* RPInstantAlphaDemoTests.m */ = {isa = PBXFileReference; lastKnownFileType = sourcecode.c.objc; path = RPInstantAlphaDemoTests.m; sourceTree = "<group>"; };
/* End PBXFileReference section */

/* Begin PBXFrameworksBuildPhase section */
		CA7A1C481922CBF8004AC3CF /* Frameworks */ = {
			isa = PBXFrameworksBuildPhase;
			buildActionMask = 2147483647;
			files = (
				CA7A1C4F1922CBF8004AC3CF /* Cocoa.framework in Frameworks */,
				300EB797CE9245DE983FFBE0 /* libPods.a in Frameworks */,
			);
			runOnlyForDeploymentPostprocessing = 0;
		};
		CA7A1C691922CBF8004AC3CF /* Frameworks */ = {
			isa = PBXFrameworksBuildPhase;
			buildActionMask = 2147483647;
			files = (
				CA7A1C6F1922CBF8004AC3CF /* Cocoa.framework in Frameworks */,
				CA7A1C6E1922CBF8004AC3CF /* XCTest.framework in Frameworks */,
			);
			runOnlyForDeploymentPostprocessing = 0;
		};
/* End PBXFrameworksBuildPhase section */

/* Begin PBXGroup section */
		CA7A1C421922CBF8004AC3CF = {
			isa = PBXGroup;
			children = (
				CA7A1C541922CBF8004AC3CF /* RPInstantAlphaDemo */,
				CA7A1C721922CBF8004AC3CF /* RPInstantAlphaDemoTests */,
				CA7A1C4D1922CBF8004AC3CF /* Frameworks */,
				CA7A1C4C1922CBF8004AC3CF /* Products */,
				588CF5E41D5D4DC5BC168E03 /* Pods.xcconfig */,
			);
			sourceTree = "<group>";
		};
		CA7A1C4C1922CBF8004AC3CF /* Products */ = {
			isa = PBXGroup;
			children = (
				CA7A1C4B1922CBF8004AC3CF /* RPInstantAlphaDemo.app */,
				CA7A1C6C1922CBF8004AC3CF /* RPInstantAlphaDemoTests.xctest */,
			);
			name = Products;
			sourceTree = "<group>";
		};
		CA7A1C4D1922CBF8004AC3CF /* Frameworks */ = {
			isa = PBXGroup;
			children = (
				CA7A1C4E1922CBF8004AC3CF /* Cocoa.framework */,
				CA7A1C6D1922CBF8004AC3CF /* XCTest.framework */,
				CA7A1C501922CBF8004AC3CF /* Other Frameworks */,
				6FF1B79420DE4E349E3746C0 /* libPods.a */,
			);
			name = Frameworks;
			sourceTree = "<group>";
		};
		CA7A1C501922CBF8004AC3CF /* Other Frameworks */ = {
			isa = PBXGroup;
			children = (
				CA7A1C511922CBF8004AC3CF /* AppKit.framework */,
				CA7A1C521922CBF8004AC3CF /* CoreData.framework */,
				CA7A1C531922CBF8004AC3CF /* Foundation.framework */,
			);
			name = "Other Frameworks";
			sourceTree = "<group>";
		};
		CA7A1C541922CBF8004AC3CF /* RPInstantAlphaDemo */ = {
			isa = PBXGroup;
			children = (
				CA7A1C601922CBF8004AC3CF /* RPAppDelegate.h */,
				CA7A1C611922CBF8004AC3CF /* RPAppDelegate.m */,
				CA7A1C631922CBF8004AC3CF /* MainMenu.xib */,
				CA7A1C661922CBF8004AC3CF /* Images.xcassets */,
				CA7A1C551922CBF8004AC3CF /* Supporting Files */,
			);
			path = RPInstantAlphaDemo;
			sourceTree = "<group>";
		};
		CA7A1C551922CBF8004AC3CF /* Supporting Files */ = {
			isa = PBXGroup;
			children = (
				CA7A1C561922CBF8004AC3CF /* RPInstantAlphaDemo-Info.plist */,
				CA7A1C571922CBF8004AC3CF /* InfoPlist.strings */,
				CA7A1C5A1922CBF8004AC3CF /* main.m */,
				CA7A1C5C1922CBF8004AC3CF /* RPInstantAlphaDemo-Prefix.pch */,
				CA7A1C5D1922CBF8004AC3CF /* Credits.rtf */,
			);
			name = "Supporting Files";
			sourceTree = "<group>";
		};
		CA7A1C721922CBF8004AC3CF /* RPInstantAlphaDemoTests */ = {
			isa = PBXGroup;
			children = (
				CA7A1C781922CBF8004AC3CF /* RPInstantAlphaDemoTests.m */,
				CA7A1C731922CBF8004AC3CF /* Supporting Files */,
			);
			path = RPInstantAlphaDemoTests;
			sourceTree = "<group>";
		};
		CA7A1C731922CBF8004AC3CF /* Supporting Files */ = {
			isa = PBXGroup;
			children = (
				CA7A1C741922CBF8004AC3CF /* RPInstantAlphaDemoTests-Info.plist */,
				CA7A1C751922CBF8004AC3CF /* InfoPlist.strings */,
			);
			name = "Supporting Files";
			sourceTree = "<group>";
		};
/* End PBXGroup section */

/* Begin PBXNativeTarget section */
		CA7A1C4A1922CBF8004AC3CF /* RPInstantAlphaDemo */ = {
			isa = PBXNativeTarget;
			buildConfigurationList = CA7A1C7C1922CBF8004AC3CF /* Build configuration list for PBXNativeTarget "RPInstantAlphaDemo" */;
			buildPhases = (
				3B05D57A2AD44CCCBA2D4693 /* Check Pods Manifest.lock */,
				CA7A1C471922CBF8004AC3CF /* Sources */,
				CA7A1C481922CBF8004AC3CF /* Frameworks */,
				CA7A1C491922CBF8004AC3CF /* Resources */,
				9C5DF54662434A89B8310A97 /* Copy Pods Resources */,
			);
			buildRules = (
			);
			dependencies = (
			);
			name = RPInstantAlphaDemo;
			productName = RPInstantAlphaDemo;
			productReference = CA7A1C4B1922CBF8004AC3CF /* RPInstantAlphaDemo.app */;
			productType = "com.apple.product-type.application";
		};
		CA7A1C6B1922CBF8004AC3CF /* RPInstantAlphaDemoTests */ = {
			isa = PBXNativeTarget;
			buildConfigurationList = CA7A1C7F1922CBF8004AC3CF /* Build configuration list for PBXNativeTarget "RPInstantAlphaDemoTests" */;
			buildPhases = (
				CA7A1C681922CBF8004AC3CF /* Sources */,
				CA7A1C691922CBF8004AC3CF /* Frameworks */,
				CA7A1C6A1922CBF8004AC3CF /* Resources */,
			);
			buildRules = (
			);
			dependencies = (
				CA7A1C711922CBF8004AC3CF /* PBXTargetDependency */,
			);
			name = RPInstantAlphaDemoTests;
			productName = RPInstantAlphaDemoTests;
			productReference = CA7A1C6C1922CBF8004AC3CF /* RPInstantAlphaDemoTests.xctest */;
			productType = "com.apple.product-type.bundle.unit-test";
		};
/* End PBXNativeTarget section */

/* Begin PBXProject section */
		CA7A1C431922CBF8004AC3CF /* Project object */ = {
			isa = PBXProject;
			attributes = {
				CLASSPREFIX = RP;
				LastUpgradeCheck = 0510;
				ORGANIZATIONNAME = "Robots and Pencils";
				TargetAttributes = {
					CA7A1C6B1922CBF8004AC3CF = {
						TestTargetID = CA7A1C4A1922CBF8004AC3CF;
					};
				};
			};
			buildConfigurationList = CA7A1C461922CBF8004AC3CF /* Build configuration list for PBXProject "RPInstantAlphaDemo" */;
			compatibilityVersion = "Xcode 3.2";
			developmentRegion = English;
			hasScannedForEncodings = 0;
			knownRegions = (
				en,
				Base,
			);
			mainGroup = CA7A1C421922CBF8004AC3CF;
			productRefGroup = CA7A1C4C1922CBF8004AC3CF /* Products */;
			projectDirPath = "";
			projectReferences = (
			);
			projectRoot = "";
			targets = (
				CA7A1C4A1922CBF8004AC3CF /* RPInstantAlphaDemo */,
				CA7A1C6B1922CBF8004AC3CF /* RPInstantAlphaDemoTests */,
			);
		};
/* End PBXProject section */

/* Begin PBXResourcesBuildPhase section */
		CA7A1C491922CBF8004AC3CF /* Resources */ = {
			isa = PBXResourcesBuildPhase;
			buildActionMask = 2147483647;
			files = (
				CA7A1C591922CBF8004AC3CF /* InfoPlist.strings in Resources */,
				CA7A1C671922CBF8004AC3CF /* Images.xcassets in Resources */,
				CA7A1C5F1922CBF8004AC3CF /* Credits.rtf in Resources */,
				CA7A1C651922CBF8004AC3CF /* MainMenu.xib in Resources */,
			);
			runOnlyForDeploymentPostprocessing = 0;
		};
		CA7A1C6A1922CBF8004AC3CF /* Resources */ = {
			isa = PBXResourcesBuildPhase;
			buildActionMask = 2147483647;
			files = (
				CA7A1C771922CBF8004AC3CF /* InfoPlist.strings in Resources */,
			);
			runOnlyForDeploymentPostprocessing = 0;
		};
/* End PBXResourcesBuildPhase section */

/* Begin PBXShellScriptBuildPhase section */
		3B05D57A2AD44CCCBA2D4693 /* Check Pods Manifest.lock */ = {
			isa = PBXShellScriptBuildPhase;
			buildActionMask = 2147483647;
			files = (
			);
			inputPaths = (
			);
			name = "Check Pods Manifest.lock";
			outputPaths = (
			);
			runOnlyForDeploymentPostprocessing = 0;
			shellPath = /bin/sh;
			shellScript = "diff \"${PODS_ROOT}/../Podfile.lock\" \"${PODS_ROOT}/Manifest.lock\" > /dev/null\nif [[ $? != 0 ]] ; then\n    cat << EOM\nerror: The sandbox is not in sync with the Podfile.lock. Run 'pod install' or update your CocoaPods installation.\nEOM\n    exit 1\nfi\n";
			showEnvVarsInLog = 0;
		};
		9C5DF54662434A89B8310A97 /* Copy Pods Resources */ = {
			isa = PBXShellScriptBuildPhase;
			buildActionMask = 2147483647;
			files = (
			);
			inputPaths = (
			);
			name = "Copy Pods Resources";
			outputPaths = (
			);
			runOnlyForDeploymentPostprocessing = 0;
			shellPath = /bin/sh;
			shellScript = "\"${SRCROOT}/Pods/Pods-resources.sh\"\n";
			showEnvVarsInLog = 0;
		};
/* End PBXShellScriptBuildPhase section */

/* Begin PBXSourcesBuildPhase section */
		CA7A1C471922CBF8004AC3CF /* Sources */ = {
			isa = PBXSourcesBuildPhase;
			buildActionMask = 2147483647;
			files = (
				CA7A1C621922CBF8004AC3CF /* RPAppDelegate.m in Sources */,
				CA7A1C5B1922CBF8004AC3CF /* main.m in Sources */,
			);
			runOnlyForDeploymentPostprocessing = 0;
		};
		CA7A1C681922CBF8004AC3CF /* Sources */ = {
			isa = PBXSourcesBuildPhase;
			buildActionMask = 2147483647;
			files = (
				CA7A1C791922CBF8004AC3CF /* RPInstantAlphaDemoTests.m in Sources */,
			);
			runOnlyForDeploymentPostprocessing = 0;
		};
/* End PBXSourcesBuildPhase section */

/* Begin PBXTargetDependency section */
		CA7A1C711922CBF8004AC3CF /* PBXTargetDependency */ = {
			isa = PBXTargetDependency;
			target = CA7A1C4A1922CBF8004AC3CF /* RPInstantAlphaDemo */;
			targetProxy = CA7A1C701922CBF8004AC3CF /* PBXContainerItemProxy */;
		};
/* End PBXTargetDependency section */

/* Begin PBXVariantGroup section */
		CA7A1C571922CBF8004AC3CF /* InfoPlist.strings */ = {
			isa = PBXVariantGroup;
			children = (
				CA7A1C581922CBF8004AC3CF /* en */,
			);
			name = InfoPlist.strings;
			sourceTree = "<group>";
		};
		CA7A1C5D1922CBF8004AC3CF /* Credits.rtf */ = {
			isa = PBXVariantGroup;
			children = (
				CA7A1C5E1922CBF8004AC3CF /* en */,
			);
			name = Credits.rtf;
			sourceTree = "<group>";
		};
		CA7A1C631922CBF8004AC3CF /* MainMenu.xib */ = {
			isa = PBXVariantGroup;
			children = (
				CA7A1C641922CBF8004AC3CF /* Base */,
			);
			name = MainMenu.xib;
			sourceTree = "<group>";
		};
		CA7A1C751922CBF8004AC3CF /* InfoPlist.strings */ = {
			isa = PBXVariantGroup;
			children = (
				CA7A1C761922CBF8004AC3CF /* en */,
			);
			name = InfoPlist.strings;
			sourceTree = "<group>";
		};
/* End PBXVariantGroup section */

/* Begin XCBuildConfiguration section */
		CA7A1C7A1922CBF8004AC3CF /* Debug */ = {
			isa = XCBuildConfiguration;
			buildSettings = {
				ALWAYS_SEARCH_USER_PATHS = NO;
				CLANG_CXX_LANGUAGE_STANDARD = "gnu++0x";
				CLANG_CXX_LIBRARY = "libc++";
				CLANG_ENABLE_MODULES = YES;
				CLANG_ENABLE_OBJC_ARC = YES;
				CLANG_WARN_BOOL_CONVERSION = YES;
				CLANG_WARN_CONSTANT_CONVERSION = YES;
				CLANG_WARN_DIRECT_OBJC_ISA_USAGE = YES_ERROR;
				CLANG_WARN_EMPTY_BODY = YES;
				CLANG_WARN_ENUM_CONVERSION = YES;
				CLANG_WARN_INT_CONVERSION = YES;
				CLANG_WARN_OBJC_ROOT_CLASS = YES_ERROR;
				CLANG_WARN__DUPLICATE_METHOD_MATCH = YES;
				COPY_PHASE_STRIP = NO;
				GCC_C_LANGUAGE_STANDARD = gnu99;
				GCC_DYNAMIC_NO_PIC = NO;
				GCC_ENABLE_OBJC_EXCEPTIONS = YES;
				GCC_OPTIMIZATION_LEVEL = 0;
				GCC_PREPROCESSOR_DEFINITIONS = (
					"DEBUG=1",
					"$(inherited)",
				);
				GCC_SYMBOLS_PRIVATE_EXTERN = NO;
				GCC_WARN_64_TO_32_BIT_CONVERSION = YES;
				GCC_WARN_ABOUT_RETURN_TYPE = YES_ERROR;
				GCC_WARN_UNDECLARED_SELECTOR = YES;
				GCC_WARN_UNINITIALIZED_AUTOS = YES_AGGRESSIVE;
				GCC_WARN_UNUSED_FUNCTION = YES;
				GCC_WARN_UNUSED_VARIABLE = YES;
				MACOSX_DEPLOYMENT_TARGET = 10.9;
				ONLY_ACTIVE_ARCH = YES;
				SDKROOT = macosx;
			};
			name = Debug;
		};
		CA7A1C7B1922CBF8004AC3CF /* Release */ = {
			isa = XCBuildConfiguration;
			buildSettings = {
				ALWAYS_SEARCH_USER_PATHS = NO;
				CLANG_CXX_LANGUAGE_STANDARD = "gnu++0x";
				CLANG_CXX_LIBRARY = "libc++";
				CLANG_ENABLE_MODULES = YES;
				CLANG_ENABLE_OBJC_ARC = YES;
				CLANG_WARN_BOOL_CONVERSION = YES;
				CLANG_WARN_CONSTANT_CONVERSION = YES;
				CLANG_WARN_DIRECT_OBJC_ISA_USAGE = YES_ERROR;
				CLANG_WARN_EMPTY_BODY = YES;
				CLANG_WARN_ENUM_CONVERSION = YES;
				CLANG_WARN_INT_CONVERSION = YES;
				CLANG_WARN_OBJC_ROOT_CLASS = YES_ERROR;
				CLANG_WARN__DUPLICATE_METHOD_MATCH = YES;
				COPY_PHASE_STRIP = YES;
				DEBUG_INFORMATION_FORMAT = "dwarf-with-dsym";
				ENABLE_NS_ASSERTIONS = NO;
				GCC_C_LANGUAGE_STANDARD = gnu99;
				GCC_ENABLE_OBJC_EXCEPTIONS = YES;
				GCC_WARN_64_TO_32_BIT_CONVERSION = YES;
				GCC_WARN_ABOUT_RETURN_TYPE = YES_ERROR;
				GCC_WARN_UNDECLARED_SELECTOR = YES;
				GCC_WARN_UNINITIALIZED_AUTOS = YES_AGGRESSIVE;
				GCC_WARN_UNUSED_FUNCTION = YES;
				GCC_WARN_UNUSED_VARIABLE = YES;
				MACOSX_DEPLOYMENT_TARGET = 10.9;
				SDKROOT = macosx;
			};
			name = Release;
		};
		CA7A1C7D1922CBF8004AC3CF /* Debug */ = {
			isa = XCBuildConfiguration;
			baseConfigurationReference = 588CF5E41D5D4DC5BC168E03 /* Pods.xcconfig */;
			buildSettings = {
				ASSETCATALOG_COMPILER_APPICON_NAME = AppIcon;
				COMBINE_HIDPI_IMAGES = YES;
				GCC_PRECOMPILE_PREFIX_HEADER = YES;
				GCC_PREFIX_HEADER = "RPInstantAlphaDemo/RPInstantAlphaDemo-Prefix.pch";
				INFOPLIST_FILE = "RPInstantAlphaDemo/RPInstantAlphaDemo-Info.plist";
				PRODUCT_NAME = "$(TARGET_NAME)";
				WRAPPER_EXTENSION = app;
			};
			name = Debug;
		};
		CA7A1C7E1922CBF8004AC3CF /* Release */ = {
			isa = XCBuildConfiguration;
			baseConfigurationReference = 588CF5E41D5D4DC5BC168E03 /* Pods.xcconfig */;
			buildSettings = {
				ASSETCATALOG_COMPILER_APPICON_NAME = AppIcon;
				COMBINE_HIDPI_IMAGES = YES;
				GCC_PRECOMPILE_PREFIX_HEADER = YES;
				GCC_PREFIX_HEADER = "RPInstantAlphaDemo/RPInstantAlphaDemo-Prefix.pch";
				INFOPLIST_FILE = "RPInstantAlphaDemo/RPInstantAlphaDemo-Info.plist";
				PRODUCT_NAME = "$(TARGET_NAME)";
				WRAPPER_EXTENSION = app;
			};
			name = Release;
		};
		CA7A1C801922CBF8004AC3CF /* Debug */ = {
			isa = XCBuildConfiguration;
			buildSettings = {
				BUNDLE_LOADER = "$(BUILT_PRODUCTS_DIR)/RPInstantAlphaDemo.app/Contents/MacOS/RPInstantAlphaDemo";
				COMBINE_HIDPI_IMAGES = YES;
				FRAMEWORK_SEARCH_PATHS = (
					"$(DEVELOPER_FRAMEWORKS_DIR)",
					"$(inherited)",
				);
				GCC_PRECOMPILE_PREFIX_HEADER = YES;
				GCC_PREFIX_HEADER = "RPInstantAlphaDemo/RPInstantAlphaDemo-Prefix.pch";
				GCC_PREPROCESSOR_DEFINITIONS = (
					"DEBUG=1",
					"$(inherited)",
				);
				INFOPLIST_FILE = "RPInstantAlphaDemoTests/RPInstantAlphaDemoTests-Info.plist";
				PRODUCT_NAME = "$(TARGET_NAME)";
				TEST_HOST = "$(BUNDLE_LOADER)";
				WRAPPER_EXTENSION = xctest;
			};
			name = Debug;
		};
		CA7A1C811922CBF8004AC3CF /* Release */ = {
			isa = XCBuildConfiguration;
			buildSettings = {
				BUNDLE_LOADER = "$(BUILT_PRODUCTS_DIR)/RPInstantAlphaDemo.app/Contents/MacOS/RPInstantAlphaDemo";
				COMBINE_HIDPI_IMAGES = YES;
				FRAMEWORK_SEARCH_PATHS = (
					"$(DEVELOPER_FRAMEWORKS_DIR)",
					"$(inherited)",
				);
				GCC_PRECOMPILE_PREFIX_HEADER = YES;
				GCC_PREFIX_HEADER = "RPInstantAlphaDemo/RPInstantAlphaDemo-Prefix.pch";
				INFOPLIST_FILE = "RPInstantAlphaDemoTests/RPInstantAlphaDemoTests-Info.plist";
				PRODUCT_NAME = "$(TARGET_NAME)";
				TEST_HOST = "$(BUNDLE_LOADER)";
				WRAPPER_EXTENSION = xctest;
			};
			name = Release;
		};
/* End XCBuildConfiguration section */

/* Begin XCConfigurationList section */
		CA7A1C461922CBF8004AC3CF /* Build configuration list for PBXProject "RPInstantAlphaDemo" */ = {
			isa = XCConfigurationList;
			buildConfigurations = (
				CA7A1C7A1922CBF8004AC3CF /* Debug */,
				CA7A1C7B1922CBF8004AC3CF /* Release */,
			);
			defaultConfigurationIsVisible = 0;
			defaultConfigurationName = Release;
		};
		CA7A1C7C1922CBF8004AC3CF /* Build configuration list for PBXNativeTarget "RPInstantAlphaDemo" */ = {
			isa = XCConfigurationList;
			buildConfigurations = (
				CA7A1C7D1922CBF8004AC3CF /* Debug */,
				CA7A1C7E1922CBF8004AC3CF /* Release */,
			);
			defaultConfigurationIsVisible = 0;
		};
		CA7A1C7F1922CBF8004AC3CF /* Build configuration list for PBXNativeTarget "RPInstantAlphaDemoTests" */ = {
			isa = XCConfigurationList;
			buildConfigurations = (
				CA7A1C801922CBF8004AC3CF /* Debug */,
				CA7A1C811922CBF8004AC3CF /* Release */,
			);
			defaultConfigurationIsVisible = 0;
		};
/* End XCConfigurationList section */
	};
	rootObject = CA7A1C431922CBF8004AC3CF /* Project object */;
}
