<?xml version="1.0" encoding="UTF-8"?>
<!DOCTYPE plist PUBLIC "-//Apple//DTD PLIST 1.0//EN" "http://www.apple.com/DTDs/PropertyList-1.0.dtd">
<plist version="1.0">
<dict>
	<key>archiveVersion</key>
	<string>1</string>
	<key>classes</key>
	<dict/>
	<key>objectVersion</key>
	<string>46</string>
	<key>objects</key>
	<dict>
		<key>300EB797CE9245DE983FFBE0</key>
		<dict>
			<key>fileRef</key>
			<string>6FF1B79420DE4E349E3746C0</string>
			<key>isa</key>
			<string>PBXBuildFile</string>
		</dict>
		<key>3B05D57A2AD44CCCBA2D4693</key>
		<dict>
			<key>buildActionMask</key>
			<string>2147483647</string>
			<key>files</key>
			<array/>
			<key>inputPaths</key>
			<array/>
			<key>isa</key>
			<string>PBXShellScriptBuildPhase</string>
			<key>name</key>
			<string>Check Pods Manifest.lock</string>
			<key>outputPaths</key>
			<array/>
			<key>runOnlyForDeploymentPostprocessing</key>
			<string>0</string>
			<key>shellPath</key>
			<string>/bin/sh</string>
			<key>shellScript</key>
			<string>diff "${PODS_ROOT}/../Podfile.lock" "${PODS_ROOT}/Manifest.lock" &gt; /dev/null
if [[ $? != 0 ]] ; then
    cat &lt;&lt; EOM
error: The sandbox is not in sync with the Podfile.lock. Run 'pod install' or update your CocoaPods installation.
EOM
    exit 1
fi
</string>
			<key>showEnvVarsInLog</key>
			<string>0</string>
		</dict>
		<key>588CF5E41D5D4DC5BC168E03</key>
		<dict>
			<key>includeInIndex</key>
			<string>1</string>
			<key>isa</key>
			<string>PBXFileReference</string>
			<key>lastKnownFileType</key>
			<string>text.xcconfig</string>
			<key>name</key>
			<string>Pods.xcconfig</string>
			<key>path</key>
			<string>Pods/Pods.xcconfig</string>
			<key>sourceTree</key>
			<string>&lt;group&gt;</string>
		</dict>
		<key>6FF1B79420DE4E349E3746C0</key>
		<dict>
			<key>explicitFileType</key>
			<string>archive.ar</string>
			<key>includeInIndex</key>
			<string>0</string>
			<key>isa</key>
			<string>PBXFileReference</string>
			<key>path</key>
			<string>libPods.a</string>
			<key>sourceTree</key>
			<string>BUILT_PRODUCTS_DIR</string>
		</dict>
		<key>9C5DF54662434A89B8310A97</key>
		<dict>
			<key>buildActionMask</key>
			<string>2147483647</string>
			<key>files</key>
			<array/>
			<key>inputPaths</key>
			<array/>
			<key>isa</key>
			<string>PBXShellScriptBuildPhase</string>
			<key>name</key>
			<string>Copy Pods Resources</string>
			<key>outputPaths</key>
			<array/>
			<key>runOnlyForDeploymentPostprocessing</key>
			<string>0</string>
			<key>shellPath</key>
			<string>/bin/sh</string>
			<key>shellScript</key>
			<string>"${SRCROOT}/Pods/Pods-resources.sh"
</string>
			<key>showEnvVarsInLog</key>
			<string>0</string>
		</dict>
		<key>CA7A1C421922CBF8004AC3CF</key>
		<dict>
			<key>children</key>
			<array>
				<string>CA7A1C541922CBF8004AC3CF</string>
				<string>CA7A1C721922CBF8004AC3CF</string>
				<string>CA7A1C4D1922CBF8004AC3CF</string>
				<string>CA7A1C4C1922CBF8004AC3CF</string>
				<string>588CF5E41D5D4DC5BC168E03</string>
			</array>
			<key>isa</key>
			<string>PBXGroup</string>
			<key>sourceTree</key>
			<string>&lt;group&gt;</string>
		</dict>
		<key>CA7A1C431922CBF8004AC3CF</key>
		<dict>
			<key>attributes</key>
			<dict>
				<key>CLASSPREFIX</key>
				<string>RP</string>
				<key>LastUpgradeCheck</key>
				<string>0510</string>
				<key>ORGANIZATIONNAME</key>
				<string>Robots and Pencils</string>
				<key>TargetAttributes</key>
				<dict>
					<key>CA7A1C6B1922CBF8004AC3CF</key>
					<dict>
						<key>TestTargetID</key>
						<string>CA7A1C4A1922CBF8004AC3CF</string>
					</dict>
				</dict>
			</dict>
			<key>buildConfigurationList</key>
			<string>CA7A1C461922CBF8004AC3CF</string>
			<key>compatibilityVersion</key>
			<string>Xcode 3.2</string>
			<key>developmentRegion</key>
			<string>English</string>
			<key>hasScannedForEncodings</key>
			<string>0</string>
			<key>isa</key>
			<string>PBXProject</string>
			<key>knownRegions</key>
			<array>
				<string>en</string>
				<string>Base</string>
			</array>
			<key>mainGroup</key>
			<string>CA7A1C421922CBF8004AC3CF</string>
			<key>productRefGroup</key>
			<string>CA7A1C4C1922CBF8004AC3CF</string>
			<key>projectDirPath</key>
			<string></string>
			<key>projectReferences</key>
			<array/>
			<key>projectRoot</key>
			<string></string>
			<key>targets</key>
			<array>
				<string>CA7A1C4A1922CBF8004AC3CF</string>
				<string>CA7A1C6B1922CBF8004AC3CF</string>
			</array>
		</dict>
		<key>CA7A1C461922CBF8004AC3CF</key>
		<dict>
			<key>buildConfigurations</key>
			<array>
				<string>CA7A1C7A1922CBF8004AC3CF</string>
				<string>CA7A1C7B1922CBF8004AC3CF</string>
			</array>
			<key>defaultConfigurationIsVisible</key>
			<string>0</string>
			<key>defaultConfigurationName</key>
			<string>Release</string>
			<key>isa</key>
			<string>XCConfigurationList</string>
		</dict>
		<key>CA7A1C471922CBF8004AC3CF</key>
		<dict>
			<key>buildActionMask</key>
			<string>2147483647</string>
			<key>files</key>
			<array>
				<string>CA7A1C621922CBF8004AC3CF</string>
				<string>CA7A1C5B1922CBF8004AC3CF</string>
			</array>
			<key>isa</key>
			<string>PBXSourcesBuildPhase</string>
			<key>runOnlyForDeploymentPostprocessing</key>
			<string>0</string>
		</dict>
		<key>CA7A1C481922CBF8004AC3CF</key>
		<dict>
			<key>buildActionMask</key>
			<string>2147483647</string>
			<key>files</key>
			<array>
				<string>CA7A1C4F1922CBF8004AC3CF</string>
				<string>300EB797CE9245DE983FFBE0</string>
			</array>
			<key>isa</key>
			<string>PBXFrameworksBuildPhase</string>
			<key>runOnlyForDeploymentPostprocessing</key>
			<string>0</string>
		</dict>
		<key>CA7A1C491922CBF8004AC3CF</key>
		<dict>
			<key>buildActionMask</key>
			<string>2147483647</string>
			<key>files</key>
			<array>
				<string>CA7A1C591922CBF8004AC3CF</string>
				<string>CA7A1C671922CBF8004AC3CF</string>
				<string>CA7A1C5F1922CBF8004AC3CF</string>
				<string>CA7A1C651922CBF8004AC3CF</string>
			</array>
			<key>isa</key>
			<string>PBXResourcesBuildPhase</string>
			<key>runOnlyForDeploymentPostprocessing</key>
			<string>0</string>
		</dict>
		<key>CA7A1C4A1922CBF8004AC3CF</key>
		<dict>
			<key>buildConfigurationList</key>
			<string>CA7A1C7C1922CBF8004AC3CF</string>
			<key>buildPhases</key>
			<array>
				<string>3B05D57A2AD44CCCBA2D4693</string>
				<string>CA7A1C471922CBF8004AC3CF</string>
				<string>CA7A1C481922CBF8004AC3CF</string>
				<string>CA7A1C491922CBF8004AC3CF</string>
				<string>9C5DF54662434A89B8310A97</string>
			</array>
			<key>buildRules</key>
			<array/>
			<key>dependencies</key>
			<array/>
			<key>isa</key>
			<string>PBXNativeTarget</string>
			<key>name</key>
			<string>RPInstantAlphaDemo</string>
			<key>productName</key>
			<string>RPInstantAlphaDemo</string>
			<key>productReference</key>
			<string>CA7A1C4B1922CBF8004AC3CF</string>
			<key>productType</key>
			<string>com.apple.product-type.application</string>
		</dict>
		<key>CA7A1C4B1922CBF8004AC3CF</key>
		<dict>
			<key>explicitFileType</key>
			<string>wrapper.application</string>
			<key>includeInIndex</key>
			<string>0</string>
			<key>isa</key>
			<string>PBXFileReference</string>
			<key>path</key>
			<string>RPInstantAlphaDemo.app</string>
			<key>sourceTree</key>
			<string>BUILT_PRODUCTS_DIR</string>
		</dict>
		<key>CA7A1C4C1922CBF8004AC3CF</key>
		<dict>
			<key>children</key>
			<array>
				<string>CA7A1C4B1922CBF8004AC3CF</string>
				<string>CA7A1C6C1922CBF8004AC3CF</string>
			</array>
			<key>isa</key>
			<string>PBXGroup</string>
			<key>name</key>
			<string>Products</string>
			<key>sourceTree</key>
			<string>&lt;group&gt;</string>
		</dict>
		<key>CA7A1C4D1922CBF8004AC3CF</key>
		<dict>
			<key>children</key>
			<array>
				<string>CA7A1C4E1922CBF8004AC3CF</string>
				<string>CA7A1C6D1922CBF8004AC3CF</string>
				<string>CA7A1C501922CBF8004AC3CF</string>
				<string>6FF1B79420DE4E349E3746C0</string>
			</array>
			<key>isa</key>
			<string>PBXGroup</string>
			<key>name</key>
			<string>Frameworks</string>
			<key>sourceTree</key>
			<string>&lt;group&gt;</string>
		</dict>
		<key>CA7A1C4E1922CBF8004AC3CF</key>
		<dict>
			<key>isa</key>
			<string>PBXFileReference</string>
			<key>lastKnownFileType</key>
			<string>wrapper.framework</string>
			<key>name</key>
			<string>Cocoa.framework</string>
			<key>path</key>
			<string>System/Library/Frameworks/Cocoa.framework</string>
			<key>sourceTree</key>
			<string>SDKROOT</string>
		</dict>
		<key>CA7A1C4F1922CBF8004AC3CF</key>
		<dict>
			<key>fileRef</key>
			<string>CA7A1C4E1922CBF8004AC3CF</string>
			<key>isa</key>
			<string>PBXBuildFile</string>
		</dict>
		<key>CA7A1C501922CBF8004AC3CF</key>
		<dict>
			<key>children</key>
			<array>
				<string>CA7A1C511922CBF8004AC3CF</string>
				<string>CA7A1C521922CBF8004AC3CF</string>
				<string>CA7A1C531922CBF8004AC3CF</string>
			</array>
			<key>isa</key>
			<string>PBXGroup</string>
			<key>name</key>
			<string>Other Frameworks</string>
			<key>sourceTree</key>
			<string>&lt;group&gt;</string>
		</dict>
		<key>CA7A1C511922CBF8004AC3CF</key>
		<dict>
			<key>isa</key>
			<string>PBXFileReference</string>
			<key>lastKnownFileType</key>
			<string>wrapper.framework</string>
			<key>name</key>
			<string>AppKit.framework</string>
			<key>path</key>
			<string>System/Library/Frameworks/AppKit.framework</string>
			<key>sourceTree</key>
			<string>SDKROOT</string>
		</dict>
		<key>CA7A1C521922CBF8004AC3CF</key>
		<dict>
			<key>isa</key>
			<string>PBXFileReference</string>
			<key>lastKnownFileType</key>
			<string>wrapper.framework</string>
			<key>name</key>
			<string>CoreData.framework</string>
			<key>path</key>
			<string>System/Library/Frameworks/CoreData.framework</string>
			<key>sourceTree</key>
			<string>SDKROOT</string>
		</dict>
		<key>CA7A1C531922CBF8004AC3CF</key>
		<dict>
			<key>isa</key>
			<string>PBXFileReference</string>
			<key>lastKnownFileType</key>
			<string>wrapper.framework</string>
			<key>name</key>
			<string>Foundation.framework</string>
			<key>path</key>
			<string>System/Library/Frameworks/Foundation.framework</string>
			<key>sourceTree</key>
			<string>SDKROOT</string>
		</dict>
		<key>CA7A1C541922CBF8004AC3CF</key>
		<dict>
			<key>children</key>
			<array>
				<string>CA7A1C601922CBF8004AC3CF</string>
				<string>CA7A1C611922CBF8004AC3CF</string>
				<string>CA7A1C631922CBF8004AC3CF</string>
				<string>CA7A1C661922CBF8004AC3CF</string>
				<string>CA7A1C551922CBF8004AC3CF</string>
			</array>
			<key>isa</key>
			<string>PBXGroup</string>
			<key>path</key>
			<string>RPInstantAlphaDemo</string>
			<key>sourceTree</key>
			<string>&lt;group&gt;</string>
		</dict>
		<key>CA7A1C551922CBF8004AC3CF</key>
		<dict>
			<key>children</key>
			<array>
				<string>CA7A1C561922CBF8004AC3CF</string>
				<string>CA7A1C571922CBF8004AC3CF</string>
				<string>CA7A1C5A1922CBF8004AC3CF</string>
				<string>CA7A1C5C1922CBF8004AC3CF</string>
				<string>CA7A1C5D1922CBF8004AC3CF</string>
			</array>
			<key>isa</key>
			<string>PBXGroup</string>
			<key>name</key>
			<string>Supporting Files</string>
			<key>sourceTree</key>
			<string>&lt;group&gt;</string>
		</dict>
		<key>CA7A1C561922CBF8004AC3CF</key>
		<dict>
			<key>isa</key>
			<string>PBXFileReference</string>
			<key>lastKnownFileType</key>
			<string>text.plist.xml</string>
			<key>path</key>
			<string>RPInstantAlphaDemo-Info.plist</string>
			<key>sourceTree</key>
			<string>&lt;group&gt;</string>
		</dict>
		<key>CA7A1C571922CBF8004AC3CF</key>
		<dict>
			<key>children</key>
			<array>
				<string>CA7A1C581922CBF8004AC3CF</string>
			</array>
			<key>isa</key>
			<string>PBXVariantGroup</string>
			<key>name</key>
			<string>InfoPlist.strings</string>
			<key>sourceTree</key>
			<string>&lt;group&gt;</string>
		</dict>
		<key>CA7A1C581922CBF8004AC3CF</key>
		<dict>
			<key>isa</key>
			<string>PBXFileReference</string>
			<key>lastKnownFileType</key>
			<string>text.plist.strings</string>
			<key>name</key>
			<string>en</string>
			<key>path</key>
			<string>en.lproj/InfoPlist.strings</string>
			<key>sourceTree</key>
			<string>&lt;group&gt;</string>
		</dict>
		<key>CA7A1C591922CBF8004AC3CF</key>
		<dict>
			<key>fileRef</key>
			<string>CA7A1C571922CBF8004AC3CF</string>
			<key>isa</key>
			<string>PBXBuildFile</string>
		</dict>
		<key>CA7A1C5A1922CBF8004AC3CF</key>
		<dict>
			<key>isa</key>
			<string>PBXFileReference</string>
			<key>lastKnownFileType</key>
			<string>sourcecode.c.objc</string>
			<key>path</key>
			<string>main.m</string>
			<key>sourceTree</key>
			<string>&lt;group&gt;</string>
		</dict>
		<key>CA7A1C5B1922CBF8004AC3CF</key>
		<dict>
			<key>fileRef</key>
			<string>CA7A1C5A1922CBF8004AC3CF</string>
			<key>isa</key>
			<string>PBXBuildFile</string>
		</dict>
		<key>CA7A1C5C1922CBF8004AC3CF</key>
		<dict>
			<key>isa</key>
			<string>PBXFileReference</string>
			<key>lastKnownFileType</key>
			<string>sourcecode.c.h</string>
			<key>path</key>
			<string>RPInstantAlphaDemo-Prefix.pch</string>
			<key>sourceTree</key>
			<string>&lt;group&gt;</string>
		</dict>
		<key>CA7A1C5D1922CBF8004AC3CF</key>
		<dict>
			<key>children</key>
			<array>
				<string>CA7A1C5E1922CBF8004AC3CF</string>
			</array>
			<key>isa</key>
			<string>PBXVariantGroup</string>
			<key>name</key>
			<string>Credits.rtf</string>
			<key>sourceTree</key>
			<string>&lt;group&gt;</string>
		</dict>
		<key>CA7A1C5E1922CBF8004AC3CF</key>
		<dict>
			<key>isa</key>
			<string>PBXFileReference</string>
			<key>lastKnownFileType</key>
			<string>text.rtf</string>
			<key>name</key>
			<string>en</string>
			<key>path</key>
			<string>en.lproj/Credits.rtf</string>
			<key>sourceTree</key>
			<string>&lt;group&gt;</string>
		</dict>
		<key>CA7A1C5F1922CBF8004AC3CF</key>
		<dict>
			<key>fileRef</key>
			<string>CA7A1C5D1922CBF8004AC3CF</string>
			<key>isa</key>
			<string>PBXBuildFile</string>
		</dict>
		<key>CA7A1C601922CBF8004AC3CF</key>
		<dict>
			<key>isa</key>
			<string>PBXFileReference</string>
			<key>lastKnownFileType</key>
			<string>sourcecode.c.h</string>
			<key>path</key>
			<string>RPAppDelegate.h</string>
			<key>sourceTree</key>
			<string>&lt;group&gt;</string>
		</dict>
		<key>CA7A1C611922CBF8004AC3CF</key>
		<dict>
			<key>isa</key>
			<string>PBXFileReference</string>
			<key>lastKnownFileType</key>
			<string>sourcecode.c.objc</string>
			<key>path</key>
			<string>RPAppDelegate.m</string>
			<key>sourceTree</key>
			<string>&lt;group&gt;</string>
		</dict>
		<key>CA7A1C621922CBF8004AC3CF</key>
		<dict>
			<key>fileRef</key>
			<string>CA7A1C611922CBF8004AC3CF</string>
			<key>isa</key>
			<string>PBXBuildFile</string>
		</dict>
		<key>CA7A1C631922CBF8004AC3CF</key>
		<dict>
			<key>children</key>
			<array>
				<string>CA7A1C641922CBF8004AC3CF</string>
			</array>
			<key>isa</key>
			<string>PBXVariantGroup</string>
			<key>name</key>
			<string>MainMenu.xib</string>
			<key>sourceTree</key>
			<string>&lt;group&gt;</string>
		</dict>
		<key>CA7A1C641922CBF8004AC3CF</key>
		<dict>
			<key>isa</key>
			<string>PBXFileReference</string>
			<key>lastKnownFileType</key>
			<string>file.xib</string>
			<key>name</key>
			<string>Base</string>
			<key>path</key>
			<string>Base.lproj/MainMenu.xib</string>
			<key>sourceTree</key>
			<string>&lt;group&gt;</string>
		</dict>
		<key>CA7A1C651922CBF8004AC3CF</key>
		<dict>
			<key>fileRef</key>
			<string>CA7A1C631922CBF8004AC3CF</string>
			<key>isa</key>
			<string>PBXBuildFile</string>
		</dict>
		<key>CA7A1C661922CBF8004AC3CF</key>
		<dict>
			<key>isa</key>
			<string>PBXFileReference</string>
			<key>lastKnownFileType</key>
			<string>folder.assetcatalog</string>
			<key>path</key>
			<string>Images.xcassets</string>
			<key>sourceTree</key>
			<string>&lt;group&gt;</string>
		</dict>
		<key>CA7A1C671922CBF8004AC3CF</key>
		<dict>
			<key>fileRef</key>
			<string>CA7A1C661922CBF8004AC3CF</string>
			<key>isa</key>
			<string>PBXBuildFile</string>
		</dict>
		<key>CA7A1C681922CBF8004AC3CF</key>
		<dict>
			<key>buildActionMask</key>
			<string>2147483647</string>
			<key>files</key>
			<array>
				<string>CA7A1C791922CBF8004AC3CF</string>
			</array>
			<key>isa</key>
			<string>PBXSourcesBuildPhase</string>
			<key>runOnlyForDeploymentPostprocessing</key>
			<string>0</string>
		</dict>
		<key>CA7A1C691922CBF8004AC3CF</key>
		<dict>
			<key>buildActionMask</key>
			<string>2147483647</string>
			<key>files</key>
			<array>
				<string>CA7A1C6F1922CBF8004AC3CF</string>
				<string>CA7A1C6E1922CBF8004AC3CF</string>
			</array>
			<key>isa</key>
			<string>PBXFrameworksBuildPhase</string>
			<key>runOnlyForDeploymentPostprocessing</key>
			<string>0</string>
		</dict>
		<key>CA7A1C6A1922CBF8004AC3CF</key>
		<dict>
			<key>buildActionMask</key>
			<string>2147483647</string>
			<key>files</key>
			<array>
				<string>CA7A1C771922CBF8004AC3CF</string>
			</array>
			<key>isa</key>
			<string>PBXResourcesBuildPhase</string>
			<key>runOnlyForDeploymentPostprocessing</key>
			<string>0</string>
		</dict>
		<key>CA7A1C6B1922CBF8004AC3CF</key>
		<dict>
			<key>buildConfigurationList</key>
			<string>CA7A1C7F1922CBF8004AC3CF</string>
			<key>buildPhases</key>
			<array>
				<string>CA7A1C681922CBF8004AC3CF</string>
				<string>CA7A1C691922CBF8004AC3CF</string>
				<string>CA7A1C6A1922CBF8004AC3CF</string>
			</array>
			<key>buildRules</key>
			<array/>
			<key>dependencies</key>
			<array>
				<string>CA7A1C711922CBF8004AC3CF</string>
			</array>
			<key>isa</key>
			<string>PBXNativeTarget</string>
			<key>name</key>
			<string>RPInstantAlphaDemoTests</string>
			<key>productName</key>
			<string>RPInstantAlphaDemoTests</string>
			<key>productReference</key>
			<string>CA7A1C6C1922CBF8004AC3CF</string>
			<key>productType</key>
			<string>com.apple.product-type.bundle.unit-test</string>
		</dict>
		<key>CA7A1C6C1922CBF8004AC3CF</key>
		<dict>
			<key>explicitFileType</key>
			<string>wrapper.cfbundle</string>
			<key>includeInIndex</key>
			<string>0</string>
			<key>isa</key>
			<string>PBXFileReference</string>
			<key>path</key>
			<string>RPInstantAlphaDemoTests.xctest</string>
			<key>sourceTree</key>
			<string>BUILT_PRODUCTS_DIR</string>
		</dict>
		<key>CA7A1C6D1922CBF8004AC3CF</key>
		<dict>
			<key>isa</key>
			<string>PBXFileReference</string>
			<key>lastKnownFileType</key>
			<string>wrapper.framework</string>
			<key>name</key>
			<string>XCTest.framework</string>
			<key>path</key>
			<string>Library/Frameworks/XCTest.framework</string>
			<key>sourceTree</key>
			<string>DEVELOPER_DIR</string>
		</dict>
		<key>CA7A1C6E1922CBF8004AC3CF</key>
		<dict>
			<key>fileRef</key>
			<string>CA7A1C6D1922CBF8004AC3CF</string>
			<key>isa</key>
			<string>PBXBuildFile</string>
		</dict>
		<key>CA7A1C6F1922CBF8004AC3CF</key>
		<dict>
			<key>fileRef</key>
			<string>CA7A1C4E1922CBF8004AC3CF</string>
			<key>isa</key>
			<string>PBXBuildFile</string>
		</dict>
		<key>CA7A1C701922CBF8004AC3CF</key>
		<dict>
			<key>containerPortal</key>
			<string>CA7A1C431922CBF8004AC3CF</string>
			<key>isa</key>
			<string>PBXContainerItemProxy</string>
			<key>proxyType</key>
			<string>1</string>
			<key>remoteGlobalIDString</key>
			<string>CA7A1C4A1922CBF8004AC3CF</string>
			<key>remoteInfo</key>
			<string>RPInstantAlphaDemo</string>
		</dict>
		<key>CA7A1C711922CBF8004AC3CF</key>
		<dict>
			<key>isa</key>
			<string>PBXTargetDependency</string>
			<key>target</key>
			<string>CA7A1C4A1922CBF8004AC3CF</string>
			<key>targetProxy</key>
			<string>CA7A1C701922CBF8004AC3CF</string>
		</dict>
		<key>CA7A1C721922CBF8004AC3CF</key>
		<dict>
			<key>children</key>
			<array>
				<string>CA7A1C781922CBF8004AC3CF</string>
				<string>CA7A1C731922CBF8004AC3CF</string>
			</array>
			<key>isa</key>
			<string>PBXGroup</string>
			<key>path</key>
			<string>RPInstantAlphaDemoTests</string>
			<key>sourceTree</key>
			<string>&lt;group&gt;</string>
		</dict>
		<key>CA7A1C731922CBF8004AC3CF</key>
		<dict>
			<key>children</key>
			<array>
				<string>CA7A1C741922CBF8004AC3CF</string>
				<string>CA7A1C751922CBF8004AC3CF</string>
			</array>
			<key>isa</key>
			<string>PBXGroup</string>
			<key>name</key>
			<string>Supporting Files</string>
			<key>sourceTree</key>
			<string>&lt;group&gt;</string>
		</dict>
		<key>CA7A1C741922CBF8004AC3CF</key>
		<dict>
			<key>isa</key>
			<string>PBXFileReference</string>
			<key>lastKnownFileType</key>
			<string>text.plist.xml</string>
			<key>path</key>
			<string>RPInstantAlphaDemoTests-Info.plist</string>
			<key>sourceTree</key>
			<string>&lt;group&gt;</string>
		</dict>
		<key>CA7A1C751922CBF8004AC3CF</key>
		<dict>
			<key>children</key>
			<array>
				<string>CA7A1C761922CBF8004AC3CF</string>
			</array>
			<key>isa</key>
			<string>PBXVariantGroup</string>
			<key>name</key>
			<string>InfoPlist.strings</string>
			<key>sourceTree</key>
			<string>&lt;group&gt;</string>
		</dict>
		<key>CA7A1C761922CBF8004AC3CF</key>
		<dict>
			<key>isa</key>
			<string>PBXFileReference</string>
			<key>lastKnownFileType</key>
			<string>text.plist.strings</string>
			<key>name</key>
			<string>en</string>
			<key>path</key>
			<string>en.lproj/InfoPlist.strings</string>
			<key>sourceTree</key>
			<string>&lt;group&gt;</string>
		</dict>
		<key>CA7A1C771922CBF8004AC3CF</key>
		<dict>
			<key>fileRef</key>
			<string>CA7A1C751922CBF8004AC3CF</string>
			<key>isa</key>
			<string>PBXBuildFile</string>
		</dict>
		<key>CA7A1C781922CBF8004AC3CF</key>
		<dict>
			<key>isa</key>
			<string>PBXFileReference</string>
			<key>lastKnownFileType</key>
			<string>sourcecode.c.objc</string>
			<key>path</key>
			<string>RPInstantAlphaDemoTests.m</string>
			<key>sourceTree</key>
			<string>&lt;group&gt;</string>
		</dict>
		<key>CA7A1C791922CBF8004AC3CF</key>
		<dict>
			<key>fileRef</key>
			<string>CA7A1C781922CBF8004AC3CF</string>
			<key>isa</key>
			<string>PBXBuildFile</string>
		</dict>
		<key>CA7A1C7A1922CBF8004AC3CF</key>
		<dict>
			<key>buildSettings</key>
			<dict>
				<key>ALWAYS_SEARCH_USER_PATHS</key>
				<string>NO</string>
				<key>CLANG_CXX_LANGUAGE_STANDARD</key>
				<string>gnu++0x</string>
				<key>CLANG_CXX_LIBRARY</key>
				<string>libc++</string>
				<key>CLANG_ENABLE_MODULES</key>
				<string>YES</string>
				<key>CLANG_ENABLE_OBJC_ARC</key>
				<string>YES</string>
				<key>CLANG_WARN_BOOL_CONVERSION</key>
				<string>YES</string>
				<key>CLANG_WARN_CONSTANT_CONVERSION</key>
				<string>YES</string>
				<key>CLANG_WARN_DIRECT_OBJC_ISA_USAGE</key>
				<string>YES_ERROR</string>
				<key>CLANG_WARN_EMPTY_BODY</key>
				<string>YES</string>
				<key>CLANG_WARN_ENUM_CONVERSION</key>
				<string>YES</string>
				<key>CLANG_WARN_INT_CONVERSION</key>
				<string>YES</string>
				<key>CLANG_WARN_OBJC_ROOT_CLASS</key>
				<string>YES_ERROR</string>
				<key>CLANG_WARN__DUPLICATE_METHOD_MATCH</key>
				<string>YES</string>
				<key>COPY_PHASE_STRIP</key>
				<string>NO</string>
				<key>GCC_C_LANGUAGE_STANDARD</key>
				<string>gnu99</string>
				<key>GCC_DYNAMIC_NO_PIC</key>
				<string>NO</string>
				<key>GCC_ENABLE_OBJC_EXCEPTIONS</key>
				<string>YES</string>
				<key>GCC_OPTIMIZATION_LEVEL</key>
				<string>0</string>
				<key>GCC_PREPROCESSOR_DEFINITIONS</key>
				<array>
					<string>DEBUG=1</string>
					<string>$(inherited)</string>
				</array>
				<key>GCC_SYMBOLS_PRIVATE_EXTERN</key>
				<string>NO</string>
				<key>GCC_WARN_64_TO_32_BIT_CONVERSION</key>
				<string>YES</string>
				<key>GCC_WARN_ABOUT_RETURN_TYPE</key>
				<string>YES_ERROR</string>
				<key>GCC_WARN_UNDECLARED_SELECTOR</key>
				<string>YES</string>
				<key>GCC_WARN_UNINITIALIZED_AUTOS</key>
				<string>YES_AGGRESSIVE</string>
				<key>GCC_WARN_UNUSED_FUNCTION</key>
				<string>YES</string>
				<key>GCC_WARN_UNUSED_VARIABLE</key>
				<string>YES</string>
				<key>MACOSX_DEPLOYMENT_TARGET</key>
				<string>10.9</string>
				<key>ONLY_ACTIVE_ARCH</key>
				<string>YES</string>
				<key>SDKROOT</key>
				<string>macosx</string>
			</dict>
			<key>isa</key>
			<string>XCBuildConfiguration</string>
			<key>name</key>
			<string>Debug</string>
		</dict>
		<key>CA7A1C7B1922CBF8004AC3CF</key>
		<dict>
			<key>buildSettings</key>
			<dict>
				<key>ALWAYS_SEARCH_USER_PATHS</key>
				<string>NO</string>
				<key>CLANG_CXX_LANGUAGE_STANDARD</key>
				<string>gnu++0x</string>
				<key>CLANG_CXX_LIBRARY</key>
				<string>libc++</string>
				<key>CLANG_ENABLE_MODULES</key>
				<string>YES</string>
				<key>CLANG_ENABLE_OBJC_ARC</key>
				<string>YES</string>
				<key>CLANG_WARN_BOOL_CONVERSION</key>
				<string>YES</string>
				<key>CLANG_WARN_CONSTANT_CONVERSION</key>
				<string>YES</string>
				<key>CLANG_WARN_DIRECT_OBJC_ISA_USAGE</key>
				<string>YES_ERROR</string>
				<key>CLANG_WARN_EMPTY_BODY</key>
				<string>YES</string>
				<key>CLANG_WARN_ENUM_CONVERSION</key>
				<string>YES</string>
				<key>CLANG_WARN_INT_CONVERSION</key>
				<string>YES</string>
				<key>CLANG_WARN_OBJC_ROOT_CLASS</key>
				<string>YES_ERROR</string>
				<key>CLANG_WARN__DUPLICATE_METHOD_MATCH</key>
				<string>YES</string>
				<key>COPY_PHASE_STRIP</key>
				<string>YES</string>
				<key>DEBUG_INFORMATION_FORMAT</key>
				<string>dwarf-with-dsym</string>
				<key>ENABLE_NS_ASSERTIONS</key>
				<string>NO</string>
				<key>GCC_C_LANGUAGE_STANDARD</key>
				<string>gnu99</string>
				<key>GCC_ENABLE_OBJC_EXCEPTIONS</key>
				<string>YES</string>
				<key>GCC_WARN_64_TO_32_BIT_CONVERSION</key>
				<string>YES</string>
				<key>GCC_WARN_ABOUT_RETURN_TYPE</key>
				<string>YES_ERROR</string>
				<key>GCC_WARN_UNDECLARED_SELECTOR</key>
				<string>YES</string>
				<key>GCC_WARN_UNINITIALIZED_AUTOS</key>
				<string>YES_AGGRESSIVE</string>
				<key>GCC_WARN_UNUSED_FUNCTION</key>
				<string>YES</string>
				<key>GCC_WARN_UNUSED_VARIABLE</key>
				<string>YES</string>
				<key>MACOSX_DEPLOYMENT_TARGET</key>
				<string>10.9</string>
				<key>SDKROOT</key>
				<string>macosx</string>
			</dict>
			<key>isa</key>
			<string>XCBuildConfiguration</string>
			<key>name</key>
			<string>Release</string>
		</dict>
		<key>CA7A1C7C1922CBF8004AC3CF</key>
		<dict>
			<key>buildConfigurations</key>
			<array>
				<string>CA7A1C7D1922CBF8004AC3CF</string>
				<string>CA7A1C7E1922CBF8004AC3CF</string>
			</array>
			<key>defaultConfigurationIsVisible</key>
			<string>0</string>
			<key>isa</key>
			<string>XCConfigurationList</string>
		</dict>
		<key>CA7A1C7D1922CBF8004AC3CF</key>
		<dict>
			<key>baseConfigurationReference</key>
			<string>588CF5E41D5D4DC5BC168E03</string>
			<key>buildSettings</key>
			<dict>
				<key>ASSETCATALOG_COMPILER_APPICON_NAME</key>
				<string>AppIcon</string>
				<key>COMBINE_HIDPI_IMAGES</key>
				<string>YES</string>
				<key>GCC_PRECOMPILE_PREFIX_HEADER</key>
				<string>YES</string>
				<key>GCC_PREFIX_HEADER</key>
				<string>RPInstantAlphaDemo/RPInstantAlphaDemo-Prefix.pch</string>
				<key>INFOPLIST_FILE</key>
				<string>RPInstantAlphaDemo/RPInstantAlphaDemo-Info.plist</string>
				<key>PRODUCT_NAME</key>
				<string>$(TARGET_NAME)</string>
				<key>WRAPPER_EXTENSION</key>
				<string>app</string>
			</dict>
			<key>isa</key>
			<string>XCBuildConfiguration</string>
			<key>name</key>
			<string>Debug</string>
		</dict>
		<key>CA7A1C7E1922CBF8004AC3CF</key>
		<dict>
			<key>baseConfigurationReference</key>
			<string>588CF5E41D5D4DC5BC168E03</string>
			<key>buildSettings</key>
			<dict>
				<key>ASSETCATALOG_COMPILER_APPICON_NAME</key>
				<string>AppIcon</string>
				<key>COMBINE_HIDPI_IMAGES</key>
				<string>YES</string>
				<key>GCC_PRECOMPILE_PREFIX_HEADER</key>
				<string>YES</string>
				<key>GCC_PREFIX_HEADER</key>
				<string>RPInstantAlphaDemo/RPInstantAlphaDemo-Prefix.pch</string>
				<key>INFOPLIST_FILE</key>
				<string>RPInstantAlphaDemo/RPInstantAlphaDemo-Info.plist</string>
				<key>PRODUCT_NAME</key>
				<string>$(TARGET_NAME)</string>
				<key>WRAPPER_EXTENSION</key>
				<string>app</string>
			</dict>
			<key>isa</key>
			<string>XCBuildConfiguration</string>
			<key>name</key>
			<string>Release</string>
		</dict>
		<key>CA7A1C7F1922CBF8004AC3CF</key>
		<dict>
			<key>buildConfigurations</key>
			<array>
				<string>CA7A1C801922CBF8004AC3CF</string>
				<string>CA7A1C811922CBF8004AC3CF</string>
			</array>
			<key>defaultConfigurationIsVisible</key>
			<string>0</string>
			<key>isa</key>
			<string>XCConfigurationList</string>
		</dict>
		<key>CA7A1C801922CBF8004AC3CF</key>
		<dict>
			<key>buildSettings</key>
			<dict>
				<key>BUNDLE_LOADER</key>
				<string>$(BUILT_PRODUCTS_DIR)/RPInstantAlphaDemo.app/Contents/MacOS/RPInstantAlphaDemo</string>
				<key>COMBINE_HIDPI_IMAGES</key>
				<string>YES</string>
				<key>FRAMEWORK_SEARCH_PATHS</key>
				<array>
					<string>$(DEVELOPER_FRAMEWORKS_DIR)</string>
					<string>$(inherited)</string>
				</array>
				<key>GCC_PRECOMPILE_PREFIX_HEADER</key>
				<string>YES</string>
				<key>GCC_PREFIX_HEADER</key>
				<string>RPInstantAlphaDemo/RPInstantAlphaDemo-Prefix.pch</string>
				<key>GCC_PREPROCESSOR_DEFINITIONS</key>
				<array>
					<string>DEBUG=1</string>
					<string>$(inherited)</string>
				</array>
				<key>INFOPLIST_FILE</key>
				<string>RPInstantAlphaDemoTests/RPInstantAlphaDemoTests-Info.plist</string>
				<key>PRODUCT_NAME</key>
				<string>$(TARGET_NAME)</string>
				<key>TEST_HOST</key>
				<string>$(BUNDLE_LOADER)</string>
				<key>WRAPPER_EXTENSION</key>
				<string>xctest</string>
			</dict>
			<key>isa</key>
			<string>XCBuildConfiguration</string>
			<key>name</key>
			<string>Debug</string>
		</dict>
		<key>CA7A1C811922CBF8004AC3CF</key>
		<dict>
			<key>buildSettings</key>
			<dict>
				<key>BUNDLE_LOADER</key>
				<string>$(BUILT_PRODUCTS_DIR)/RPInstantAlphaDemo.app/Contents/MacOS/RPInstantAlphaDemo</string>
				<key>COMBINE_HIDPI_IMAGES</key>
				<string>YES</string>
				<key>FRAMEWORK_SEARCH_PATHS</key>
				<array>
					<string>$(DEVELOPER_FRAMEWORKS_DIR)</string>
					<string>$(inherited)</string>
				</array>
				<key>GCC_PRECOMPILE_PREFIX_HEADER</key>
				<string>YES</string>
				<key>GCC_PREFIX_HEADER</key>
				<string>RPInstantAlphaDemo/RPInstantAlphaDemo-Prefix.pch</string>
				<key>INFOPLIST_FILE</key>
				<string>RPInstantAlphaDemoTests/RPInstantAlphaDemoTests-Info.plist</string>
				<key>PRODUCT_NAME</key>
				<string>$(TARGET_NAME)</string>
				<key>TEST_HOST</key>
				<string>$(BUNDLE_LOADER)</string>
				<key>WRAPPER_EXTENSION</key>
				<string>xctest</string>
			</dict>
			<key>isa</key>
			<string>XCBuildConfiguration</string>
			<key>name</key>
			<string>Release</string>
		</dict>
	</dict>
	<key>rootObject</key>
	<string>CA7A1C431922CBF8004AC3CF</string>
</dict>
</plist>
