// !$*UTF8*$!
{
	archiveVersion = 1;
	classes = {
	};
	objectVersion = 46;
	objects = {

/* Begin PBXBuildFile section */
		CAB6A7E319149E0600576A36 /* Cocoa.framework in Frameworks */ = {isa = PBXBuildFile; fileRef = CAB6A7E219149E0600576A36 /* Cocoa.framework */; };
		CAB6A7ED19149E0600576A36 /* InfoPlist.strings in Resources */ = {isa = PBXBuildFile; fileRef = CAB6A7EB19149E0600576A36 /* InfoPlist.strings */; };
		CAB6A7EF19149E0600576A36 /* main.m in Sources */ = {isa = PBXBuildFile; fileRef = CAB6A7EE19149E0600576A36 /* main.m */; };
		CAB6A7F319149E0600576A36 /* Credits.rtf in Resources */ = {isa = PBXBuildFile; fileRef = CAB6A7F119149E0600576A36 /* Credits.rtf */; };
		CAB6A7F619149E0600576A36 /* RPAppDelegate.m in Sources */ = {isa = PBXBuildFile; fileRef = CAB6A7F519149E0600576A36 /* RPAppDelegate.m */; };
		CAB6A7F919149E0600576A36 /* MainMenu.xib in Resources */ = {isa = PBXBuildFile; fileRef = CAB6A7F719149E0600576A36 /* MainMenu.xib */; };
		CAB6A7FB19149E0600576A36 /* Images.xcassets in Resources */ = {isa = PBXBuildFile; fileRef = CAB6A7FA19149E0600576A36 /* Images.xcassets */; };
		CAB6A80219149E0600576A36 /* XCTest.framework in Frameworks */ = {isa = PBXBuildFile; fileRef = CAB6A80119149E0600576A36 /* XCTest.framework */; };
		CAB6A80319149E0600576A36 /* Cocoa.framework in Frameworks */ = {isa = PBXBuildFile; fileRef = CAB6A7E219149E0600576A36 /* Cocoa.framework */; };
		CAB6A80B19149E0600576A36 /* InfoPlist.strings in Resources */ = {isa = PBXBuildFile; fileRef = CAB6A80919149E0600576A36 /* InfoPlist.strings */; };
		CAB6A80D19149E0600576A36 /* InstantAlphaTests.m in Sources */ = {isa = PBXBuildFile; fileRef = CAB6A80C19149E0600576A36 /* InstantAlphaTests.m */; };
		CAB6A81819149F6C00576A36 /* RPInstantAlphaViewController.m in Sources */ = {isa = PBXBuildFile; fileRef = CAB6A81719149F6C00576A36 /* RPInstantAlphaViewController.m */; };
		CAB6A81B1914A15D00576A36 /* RPInstantAlphaInstructionsWindowController.m in Sources */ = {isa = PBXBuildFile; fileRef = CAB6A81A1914A15D00576A36 /* RPInstantAlphaInstructionsWindowController.m */; };
		CAB6A81F1914AA0200576A36 /* RPInstantAlphaInstructionsWindow.xib in Resources */ = {isa = PBXBuildFile; fileRef = CAB6A81E1914AA0200576A36 /* RPInstantAlphaInstructionsWindow.xib */; };
		CAB6A8241914AF0E00576A36 /* RPInstantAlphaImageView.m in Sources */ = {isa = PBXBuildFile; fileRef = CAB6A8231914AF0E00576A36 /* RPInstantAlphaImageView.m */; };
		CAB6A82F191832B200576A36 /* RPThresholdLabelView.m in Sources */ = {isa = PBXBuildFile; fileRef = CAB6A82E191832B200576A36 /* RPThresholdLabelView.m */; };
		CAB6A83219183C5800576A36 /* RPThresholdLabelWindow.m in Sources */ = {isa = PBXBuildFile; fileRef = CAB6A83119183C5800576A36 /* RPThresholdLabelWindow.m */; };
/* End PBXBuildFile section */

/* Begin PBXContainerItemProxy section */
		CAB6A80419149E0600576A36 /* PBXContainerItemProxy */ = {
			isa = PBXContainerItemProxy;
			containerPortal = CAB6A7D719149E0600576A36 /* Project object */;
			proxyType = 1;
			remoteGlobalIDString = CAB6A7DE19149E0600576A36;
			remoteInfo = InstantAlpha;
		};
/* End PBXContainerItemProxy section */

/* Begin PBXFileReference section */
		CAB6A7DF19149E0600576A36 /* InstantAlpha.app */ = {isa = PBXFileReference; explicitFileType = wrapper.application; includeInIndex = 0; path = InstantAlpha.app; sourceTree = BUILT_PRODUCTS_DIR; };
		CAB6A7E219149E0600576A36 /* Cocoa.framework */ = {isa = PBXFileReference; lastKnownFileType = wrapper.framework; name = Cocoa.framework; path = System/Library/Frameworks/Cocoa.framework; sourceTree = SDKROOT; };
		CAB6A7E519149E0600576A36 /* AppKit.framework */ = {isa = PBXFileReference; lastKnownFileType = wrapper.framework; name = AppKit.framework; path = System/Library/Frameworks/AppKit.framework; sourceTree = SDKROOT; };
		CAB6A7E619149E0600576A36 /* CoreData.framework */ = {isa = PBXFileReference; lastKnownFileType = wrapper.framework; name = CoreData.framework; path = System/Library/Frameworks/CoreData.framework; sourceTree = SDKROOT; };
		CAB6A7E719149E0600576A36 /* Foundation.framework */ = {isa = PBXFileReference; lastKnownFileType = wrapper.framework; name = Foundation.framework; path = System/Library/Frameworks/Foundation.framework; sourceTree = SDKROOT; };
		CAB6A7EA19149E0600576A36 /* InstantAlpha-Info.plist */ = {isa = PBXFileReference; lastKnownFileType = text.plist.xml; path = "InstantAlpha-Info.plist"; sourceTree = "<group>"; };
		CAB6A7EC19149E0600576A36 /* en */ = {isa = PBXFileReference; lastKnownFileType = text.plist.strings; name = en; path = en.lproj/InfoPlist.strings; sourceTree = "<group>"; };
		CAB6A7EE19149E0600576A36 /* main.m */ = {isa = PBXFileReference; lastKnownFileType = sourcecode.c.objc; path = main.m; sourceTree = "<group>"; };
		CAB6A7F019149E0600576A36 /* InstantAlpha-Prefix.pch */ = {isa = PBXFileReference; lastKnownFileType = sourcecode.c.h; path = "InstantAlpha-Prefix.pch"; sourceTree = "<group>"; };
		CAB6A7F219149E0600576A36 /* en */ = {isa = PBXFileReference; lastKnownFileType = text.rtf; name = en; path = en.lproj/Credits.rtf; sourceTree = "<group>"; };
		CAB6A7F419149E0600576A36 /* RPAppDelegate.h */ = {isa = PBXFileReference; lastKnownFileType = sourcecode.c.h; path = RPAppDelegate.h; sourceTree = "<group>"; };
		CAB6A7F519149E0600576A36 /* RPAppDelegate.m */ = {isa = PBXFileReference; lastKnownFileType = sourcecode.c.objc; path = RPAppDelegate.m; sourceTree = "<group>"; };
		CAB6A7F819149E0600576A36 /* Base */ = {isa = PBXFileReference; lastKnownFileType = file.xib; name = Base; path = Base.lproj/MainMenu.xib; sourceTree = "<group>"; };
		CAB6A7FA19149E0600576A36 /* Images.xcassets */ = {isa = PBXFileReference; lastKnownFileType = folder.assetcatalog; path = Images.xcassets; sourceTree = "<group>"; };
		CAB6A80019149E0600576A36 /* InstantAlphaTests.xctest */ = {isa = PBXFileReference; explicitFileType = wrapper.cfbundle; includeInIndex = 0; path = InstantAlphaTests.xctest; sourceTree = BUILT_PRODUCTS_DIR; };
		CAB6A80119149E0600576A36 /* XCTest.framework */ = {isa = PBXFileReference; lastKnownFileType = wrapper.framework; name = XCTest.framework; path = Library/Frameworks/XCTest.framework; sourceTree = DEVELOPER_DIR; };
		CAB6A80819149E0600576A36 /* InstantAlphaTests-Info.plist */ = {isa = PBXFileReference; lastKnownFileType = text.plist.xml; path = "InstantAlphaTests-Info.plist"; sourceTree = "<group>"; };
		CAB6A80A19149E0600576A36 /* en */ = {isa = PBXFileReference; lastKnownFileType = text.plist.strings; name = en; path = en.lproj/InfoPlist.strings; sourceTree = "<group>"; };
		CAB6A80C19149E0600576A36 /* InstantAlphaTests.m */ = {isa = PBXFileReference; lastKnownFileType = sourcecode.c.objc; path = InstantAlphaTests.m; sourceTree = "<group>"; };
		CAB6A81619149F6C00576A36 /* RPInstantAlphaViewController.h */ = {isa = PBXFileReference; fileEncoding = 4; lastKnownFileType = sourcecode.c.h; path = RPInstantAlphaViewController.h; sourceTree = "<group>"; };
		CAB6A81719149F6C00576A36 /* RPInstantAlphaViewController.m */ = {isa = PBXFileReference; fileEncoding = 4; lastKnownFileType = sourcecode.c.objc; path = RPInstantAlphaViewController.m; sourceTree = "<group>"; };
		CAB6A8191914A15D00576A36 /* RPInstantAlphaInstructionsWindowController.h */ = {isa = PBXFileReference; fileEncoding = 4; lastKnownFileType = sourcecode.c.h; path = RPInstantAlphaInstructionsWindowController.h; sourceTree = "<group>"; };
		CAB6A81A1914A15D00576A36 /* RPInstantAlphaInstructionsWindowController.m */ = {isa = PBXFileReference; fileEncoding = 4; lastKnownFileType = sourcecode.c.objc; path = RPInstantAlphaInstructionsWindowController.m; sourceTree = "<group>"; };
		CAB6A81E1914AA0200576A36 /* RPInstantAlphaInstructionsWindow.xib */ = {isa = PBXFileReference; fileEncoding = 4; lastKnownFileType = file.xib; path = RPInstantAlphaInstructionsWindow.xib; sourceTree = "<group>"; };
		CAB6A8221914AF0E00576A36 /* RPInstantAlphaImageView.h */ = {isa = PBXFileReference; fileEncoding = 4; lastKnownFileType = sourcecode.c.h; path = RPInstantAlphaImageView.h; sourceTree = "<group>"; };
		CAB6A8231914AF0E00576A36 /* RPInstantAlphaImageView.m */ = {isa = PBXFileReference; fileEncoding = 4; lastKnownFileType = sourcecode.c.objc; path = RPInstantAlphaImageView.m; sourceTree = "<group>"; };
		CAB6A82D191832B200576A36 /* RPThresholdLabelView.h */ = {isa = PBXFileReference; fileEncoding = 4; lastKnownFileType = sourcecode.c.h; path = RPThresholdLabelView.h; sourceTree = "<group>"; };
		CAB6A82E191832B200576A36 /* RPThresholdLabelView.m */ = {isa = PBXFileReference; fileEncoding = 4; lastKnownFileType = sourcecode.c.objc; path = RPThresholdLabelView.m; sourceTree = "<group>"; };
		CAB6A83019183C5800576A36 /* RPThresholdLabelWindow.h */ = {isa = PBXFileReference; fileEncoding = 4; lastKnownFileType = sourcecode.c.h; path = RPThresholdLabelWindow.h; sourceTree = "<group>"; };
		CAB6A83119183C5800576A36 /* RPThresholdLabelWindow.m */ = {isa = PBXFileReference; fileEncoding = 4; lastKnownFileType = sourcecode.c.objc; path = RPThresholdLabelWindow.m; sourceTree = "<group>"; };
/* End PBXFileReference section */

/* Begin PBXFrameworksBuildPhase section */
		CAB6A7DC19149E0600576A36 /* Frameworks */ = {
			isa = PBXFrameworksBuildPhase;
			buildActionMask = 2147483647;
			files = (
				CAB6A7E319149E0600576A36 /* Cocoa.framework in Frameworks */,
			);
			runOnlyForDeploymentPostprocessing = 0;
		};
		CAB6A7FD19149E0600576A36 /* Frameworks */ = {
			isa = PBXFrameworksBuildPhase;
			buildActionMask = 2147483647;
			files = (
				CAB6A80319149E0600576A36 /* Cocoa.framework in Frameworks */,
				CAB6A80219149E0600576A36 /* XCTest.framework in Frameworks */,
			);
			runOnlyForDeploymentPostprocessing = 0;
		};
/* End PBXFrameworksBuildPhase section */

/* Begin PBXGroup section */
		CAB6A7D619149E0600576A36 = {
			isa = PBXGroup;
			children = (
				CAB6A7E819149E0600576A36 /* InstantAlpha */,
				CAB6A80619149E0600576A36 /* InstantAlphaTests */,
				CAB6A7E119149E0600576A36 /* Frameworks */,
				CAB6A7E019149E0600576A36 /* Products */,
			);
			sourceTree = "<group>";
		};
		CAB6A7E019149E0600576A36 /* Products */ = {
			isa = PBXGroup;
			children = (
				CAB6A7DF19149E0600576A36 /* InstantAlpha.app */,
				CAB6A80019149E0600576A36 /* InstantAlphaTests.xctest */,
			);
			name = Products;
			sourceTree = "<group>";
		};
		CAB6A7E119149E0600576A36 /* Frameworks */ = {
			isa = PBXGroup;
			children = (
				CAB6A7E219149E0600576A36 /* Cocoa.framework */,
				CAB6A80119149E0600576A36 /* XCTest.framework */,
				CAB6A7E419149E0600576A36 /* Other Frameworks */,
			);
			name = Frameworks;
			sourceTree = "<group>";
		};
		CAB6A7E419149E0600576A36 /* Other Frameworks */ = {
			isa = PBXGroup;
			children = (
				CAB6A7E519149E0600576A36 /* AppKit.framework */,
				CAB6A7E619149E0600576A36 /* CoreData.framework */,
				CAB6A7E719149E0600576A36 /* Foundation.framework */,
			);
			name = "Other Frameworks";
			sourceTree = "<group>";
		};
		CAB6A7E819149E0600576A36 /* InstantAlpha */ = {
			isa = PBXGroup;
			children = (
				CAB6A7F419149E0600576A36 /* RPAppDelegate.h */,
				CAB6A7F519149E0600576A36 /* RPAppDelegate.m */,
				CAB6A7F719149E0600576A36 /* MainMenu.xib */,
				CAB6A7FA19149E0600576A36 /* Images.xcassets */,
				CAB6A7E919149E0600576A36 /* Supporting Files */,
				CAB6A81619149F6C00576A36 /* RPInstantAlphaViewController.h */,
				CAB6A81719149F6C00576A36 /* RPInstantAlphaViewController.m */,
				CAB6A8191914A15D00576A36 /* RPInstantAlphaInstructionsWindowController.h */,
				CAB6A81A1914A15D00576A36 /* RPInstantAlphaInstructionsWindowController.m */,
				CAB6A81E1914AA0200576A36 /* RPInstantAlphaInstructionsWindow.xib */,
				CAB6A8221914AF0E00576A36 /* RPInstantAlphaImageView.h */,
				CAB6A8231914AF0E00576A36 /* RPInstantAlphaImageView.m */,
				CAB6A82D191832B200576A36 /* RPThresholdLabelView.h */,
				CAB6A82E191832B200576A36 /* RPThresholdLabelView.m */,
				CAB6A83019183C5800576A36 /* RPThresholdLabelWindow.h */,
				CAB6A83119183C5800576A36 /* RPThresholdLabelWindow.m */,
			);
			path = InstantAlpha;
			sourceTree = "<group>";
		};
		CAB6A7E919149E0600576A36 /* Supporting Files */ = {
			isa = PBXGroup;
			children = (
				CAB6A7EA19149E0600576A36 /* InstantAlpha-Info.plist */,
				CAB6A7EB19149E0600576A36 /* InfoPlist.strings */,
				CAB6A7EE19149E0600576A36 /* main.m */,
				CAB6A7F019149E0600576A36 /* InstantAlpha-Prefix.pch */,
				CAB6A7F119149E0600576A36 /* Credits.rtf */,
			);
			name = "Supporting Files";
			sourceTree = "<group>";
		};
		CAB6A80619149E0600576A36 /* InstantAlphaTests */ = {
			isa = PBXGroup;
			children = (
				CAB6A80C19149E0600576A36 /* InstantAlphaTests.m */,
				CAB6A80719149E0600576A36 /* Supporting Files */,
			);
			path = InstantAlphaTests;
			sourceTree = "<group>";
		};
		CAB6A80719149E0600576A36 /* Supporting Files */ = {
			isa = PBXGroup;
			children = (
				CAB6A80819149E0600576A36 /* InstantAlphaTests-Info.plist */,
				CAB6A80919149E0600576A36 /* InfoPlist.strings */,
			);
			name = "Supporting Files";
			sourceTree = "<group>";
		};
/* End PBXGroup section */

/* Begin PBXNativeTarget section */
		CAB6A7DE19149E0600576A36 /* InstantAlpha */ = {
			isa = PBXNativeTarget;
			buildConfigurationList = CAB6A81019149E0600576A36 /* Build configuration list for PBXNativeTarget "InstantAlpha" */;
			buildPhases = (
				CAB6A7DB19149E0600576A36 /* Sources */,
				CAB6A7DC19149E0600576A36 /* Frameworks */,
				CAB6A7DD19149E0600576A36 /* Resources */,
			);
			buildRules = (
			);
			dependencies = (
			);
			name = InstantAlpha;
			productName = InstantAlpha;
			productReference = CAB6A7DF19149E0600576A36 /* InstantAlpha.app */;
			productType = "com.apple.product-type.application";
		};
		CAB6A7FF19149E0600576A36 /* InstantAlphaTests */ = {
			isa = PBXNativeTarget;
			buildConfigurationList = CAB6A81319149E0600576A36 /* Build configuration list for PBXNativeTarget "InstantAlphaTests" */;
			buildPhases = (
				CAB6A7FC19149E0600576A36 /* Sources */,
				CAB6A7FD19149E0600576A36 /* Frameworks */,
				CAB6A7FE19149E0600576A36 /* Resources */,
			);
			buildRules = (
			);
			dependencies = (
				CAB6A80519149E0600576A36 /* PBXTargetDependency */,
			);
			name = InstantAlphaTests;
			productName = InstantAlphaTests;
			productReference = CAB6A80019149E0600576A36 /* InstantAlphaTests.xctest */;
			productType = "com.apple.product-type.bundle.unit-test";
		};
/* End PBXNativeTarget section */

/* Begin PBXProject section */
		CAB6A7D719149E0600576A36 /* Project object */ = {
			isa = PBXProject;
			attributes = {
				CLASSPREFIX = RP;
				LastUpgradeCheck = 0510;
				ORGANIZATIONNAME = "Robots and Pencils";
				TargetAttributes = {
					CAB6A7FF19149E0600576A36 = {
						TestTargetID = CAB6A7DE19149E0600576A36;
					};
				};
			};
			buildConfigurationList = CAB6A7DA19149E0600576A36 /* Build configuration list for PBXProject "InstantAlpha" */;
			compatibilityVersion = "Xcode 3.2";
			developmentRegion = English;
			hasScannedForEncodings = 0;
			knownRegions = (
				en,
				Base,
			);
			mainGroup = CAB6A7D619149E0600576A36;
			productRefGroup = CAB6A7E019149E0600576A36 /* Products */;
			projectDirPath = "";
			projectRoot = "";
			targets = (
				CAB6A7DE19149E0600576A36 /* InstantAlpha */,
				CAB6A7FF19149E0600576A36 /* InstantAlphaTests */,
			);
		};
/* End PBXProject section */

/* Begin PBXResourcesBuildPhase section */
		CAB6A7DD19149E0600576A36 /* Resources */ = {
			isa = PBXResourcesBuildPhase;
			buildActionMask = 2147483647;
			files = (
				CAB6A7ED19149E0600576A36 /* InfoPlist.strings in Resources */,
				CAB6A7FB19149E0600576A36 /* Images.xcassets in Resources */,
				CAB6A7F319149E0600576A36 /* Credits.rtf in Resources */,
				CAB6A7F919149E0600576A36 /* MainMenu.xib in Resources */,
				CAB6A81F1914AA0200576A36 /* RPInstantAlphaInstructionsWindow.xib in Resources */,
			);
			runOnlyForDeploymentPostprocessing = 0;
		};
		CAB6A7FE19149E0600576A36 /* Resources */ = {
			isa = PBXResourcesBuildPhase;
			buildActionMask = 2147483647;
			files = (
				CAB6A80B19149E0600576A36 /* InfoPlist.strings in Resources */,
			);
			runOnlyForDeploymentPostprocessing = 0;
		};
/* End PBXResourcesBuildPhase section */

/* Begin PBXSourcesBuildPhase section */
		CAB6A7DB19149E0600576A36 /* Sources */ = {
			isa = PBXSourcesBuildPhase;
			buildActionMask = 2147483647;
			files = (
				CAB6A82F191832B200576A36 /* RPThresholdLabelView.m in Sources */,
				CAB6A81B1914A15D00576A36 /* RPInstantAlphaInstructionsWindowController.m in Sources */,
				CAB6A83219183C5800576A36 /* RPThresholdLabelWindow.m in Sources */,
				CAB6A8241914AF0E00576A36 /* RPInstantAlphaImageView.m in Sources */,
				CAB6A7F619149E0600576A36 /* RPAppDelegate.m in Sources */,
				CAB6A81819149F6C00576A36 /* RPInstantAlphaViewController.m in Sources */,
				CAB6A7EF19149E0600576A36 /* main.m in Sources */,
			);
			runOnlyForDeploymentPostprocessing = 0;
		};
		CAB6A7FC19149E0600576A36 /* Sources */ = {
			isa = PBXSourcesBuildPhase;
			buildActionMask = 2147483647;
			files = (
				CAB6A80D19149E0600576A36 /* InstantAlphaTests.m in Sources */,
			);
			runOnlyForDeploymentPostprocessing = 0;
		};
/* End PBXSourcesBuildPhase section */

/* Begin PBXTargetDependency section */
		CAB6A80519149E0600576A36 /* PBXTargetDependency */ = {
			isa = PBXTargetDependency;
			target = CAB6A7DE19149E0600576A36 /* InstantAlpha */;
			targetProxy = CAB6A80419149E0600576A36 /* PBXContainerItemProxy */;
		};
/* End PBXTargetDependency section */

/* Begin PBXVariantGroup section */
		CAB6A7EB19149E0600576A36 /* InfoPlist.strings */ = {
			isa = PBXVariantGroup;
			children = (
				CAB6A7EC19149E0600576A36 /* en */,
			);
			name = InfoPlist.strings;
			sourceTree = "<group>";
		};
		CAB6A7F119149E0600576A36 /* Credits.rtf */ = {
			isa = PBXVariantGroup;
			children = (
				CAB6A7F219149E0600576A36 /* en */,
			);
			name = Credits.rtf;
			sourceTree = "<group>";
		};
		CAB6A7F719149E0600576A36 /* MainMenu.xib */ = {
			isa = PBXVariantGroup;
			children = (
				CAB6A7F819149E0600576A36 /* Base */,
			);
			name = MainMenu.xib;
			sourceTree = "<group>";
		};
		CAB6A80919149E0600576A36 /* InfoPlist.strings */ = {
			isa = PBXVariantGroup;
			children = (
				CAB6A80A19149E0600576A36 /* en */,
			);
			name = InfoPlist.strings;
			sourceTree = "<group>";
		};
/* End PBXVariantGroup section */

/* Begin XCBuildConfiguration section */
		CAB6A80E19149E0600576A36 /* Debug */ = {
			isa = XCBuildConfiguration;
			buildSettings = {
				ALWAYS_SEARCH_USER_PATHS = NO;
				CLANG_CXX_LANGUAGE_STANDARD = "gnu++0x";
				CLANG_CXX_LIBRARY = "libc++";
				CLANG_ENABLE_MODULES = YES;
				CLANG_ENABLE_OBJC_ARC = YES;
				CLANG_WARN_BOOL_CONVERSION = YES;
				CLANG_WARN_CONSTANT_CONVERSION = YES;
				CLANG_WARN_DIRECT_OBJC_ISA_USAGE = YES_ERROR;
				CLANG_WARN_EMPTY_BODY = YES;
				CLANG_WARN_ENUM_CONVERSION = YES;
				CLANG_WARN_INT_CONVERSION = YES;
				CLANG_WARN_OBJC_ROOT_CLASS = YES_ERROR;
				CLANG_WARN__DUPLICATE_METHOD_MATCH = YES;
				COPY_PHASE_STRIP = NO;
				GCC_C_LANGUAGE_STANDARD = gnu99;
				GCC_DYNAMIC_NO_PIC = NO;
				GCC_ENABLE_OBJC_EXCEPTIONS = YES;
				GCC_OPTIMIZATION_LEVEL = 0;
				GCC_PREPROCESSOR_DEFINITIONS = (
					"DEBUG=1",
					"$(inherited)",
				);
				GCC_SYMBOLS_PRIVATE_EXTERN = NO;
				GCC_WARN_64_TO_32_BIT_CONVERSION = YES;
				GCC_WARN_ABOUT_RETURN_TYPE = YES_ERROR;
				GCC_WARN_UNDECLARED_SELECTOR = YES;
				GCC_WARN_UNINITIALIZED_AUTOS = YES_AGGRESSIVE;
				GCC_WARN_UNUSED_FUNCTION = YES;
				GCC_WARN_UNUSED_VARIABLE = YES;
				MACOSX_DEPLOYMENT_TARGET = 10.9;
				ONLY_ACTIVE_ARCH = YES;
				SDKROOT = macosx;
			};
			name = Debug;
		};
		CAB6A80F19149E0600576A36 /* Release */ = {
			isa = XCBuildConfiguration;
			buildSettings = {
				ALWAYS_SEARCH_USER_PATHS = NO;
				CLANG_CXX_LANGUAGE_STANDARD = "gnu++0x";
				CLANG_CXX_LIBRARY = "libc++";
				CLANG_ENABLE_MODULES = YES;
				CLANG_ENABLE_OBJC_ARC = YES;
				CLANG_WARN_BOOL_CONVERSION = YES;
				CLANG_WARN_CONSTANT_CONVERSION = YES;
				CLANG_WARN_DIRECT_OBJC_ISA_USAGE = YES_ERROR;
				CLANG_WARN_EMPTY_BODY = YES;
				CLANG_WARN_ENUM_CONVERSION = YES;
				CLANG_WARN_INT_CONVERSION = YES;
				CLANG_WARN_OBJC_ROOT_CLASS = YES_ERROR;
				CLANG_WARN__DUPLICATE_METHOD_MATCH = YES;
				COPY_PHASE_STRIP = YES;
				DEBUG_INFORMATION_FORMAT = "dwarf-with-dsym";
				ENABLE_NS_ASSERTIONS = NO;
				GCC_C_LANGUAGE_STANDARD = gnu99;
				GCC_ENABLE_OBJC_EXCEPTIONS = YES;
				GCC_WARN_64_TO_32_BIT_CONVERSION = YES;
				GCC_WARN_ABOUT_RETURN_TYPE = YES_ERROR;
				GCC_WARN_UNDECLARED_SELECTOR = YES;
				GCC_WARN_UNINITIALIZED_AUTOS = YES_AGGRESSIVE;
				GCC_WARN_UNUSED_FUNCTION = YES;
				GCC_WARN_UNUSED_VARIABLE = YES;
				MACOSX_DEPLOYMENT_TARGET = 10.9;
				SDKROOT = macosx;
			};
			name = Release;
		};
		CAB6A81119149E0600576A36 /* Debug */ = {
			isa = XCBuildConfiguration;
			buildSettings = {
				ASSETCATALOG_COMPILER_APPICON_NAME = AppIcon;
				COMBINE_HIDPI_IMAGES = YES;
				GCC_PRECOMPILE_PREFIX_HEADER = YES;
				GCC_PREFIX_HEADER = "InstantAlpha/InstantAlpha-Prefix.pch";
				INFOPLIST_FILE = "InstantAlpha/InstantAlpha-Info.plist";
				PRODUCT_NAME = "$(TARGET_NAME)";
				WRAPPER_EXTENSION = app;
			};
			name = Debug;
		};
		CAB6A81219149E0600576A36 /* Release */ = {
			isa = XCBuildConfiguration;
			buildSettings = {
				ASSETCATALOG_COMPILER_APPICON_NAME = AppIcon;
				COMBINE_HIDPI_IMAGES = YES;
				GCC_PRECOMPILE_PREFIX_HEADER = YES;
				GCC_PREFIX_HEADER = "InstantAlpha/InstantAlpha-Prefix.pch";
				INFOPLIST_FILE = "InstantAlpha/InstantAlpha-Info.plist";
				PRODUCT_NAME = "$(TARGET_NAME)";
				WRAPPER_EXTENSION = app;
			};
			name = Release;
		};
		CAB6A81419149E0600576A36 /* Debug */ = {
			isa = XCBuildConfiguration;
			buildSettings = {
				BUNDLE_LOADER = "$(BUILT_PRODUCTS_DIR)/InstantAlpha.app/Contents/MacOS/InstantAlpha";
				COMBINE_HIDPI_IMAGES = YES;
				FRAMEWORK_SEARCH_PATHS = (
					"$(DEVELOPER_FRAMEWORKS_DIR)",
					"$(inherited)",
				);
				GCC_PRECOMPILE_PREFIX_HEADER = YES;
				GCC_PREFIX_HEADER = "InstantAlpha/InstantAlpha-Prefix.pch";
				GCC_PREPROCESSOR_DEFINITIONS = (
					"DEBUG=1",
					"$(inherited)",
				);
				INFOPLIST_FILE = "InstantAlphaTests/InstantAlphaTests-Info.plist";
				PRODUCT_NAME = "$(TARGET_NAME)";
				TEST_HOST = "$(BUNDLE_LOADER)";
				WRAPPER_EXTENSION = xctest;
			};
			name = Debug;
		};
		CAB6A81519149E0600576A36 /* Release */ = {
			isa = XCBuildConfiguration;
			buildSettings = {
				BUNDLE_LOADER = "$(BUILT_PRODUCTS_DIR)/InstantAlpha.app/Contents/MacOS/InstantAlpha";
				COMBINE_HIDPI_IMAGES = YES;
				FRAMEWORK_SEARCH_PATHS = (
					"$(DEVELOPER_FRAMEWORKS_DIR)",
					"$(inherited)",
				);
				GCC_PRECOMPILE_PREFIX_HEADER = YES;
				GCC_PREFIX_HEADER = "InstantAlpha/InstantAlpha-Prefix.pch";
				INFOPLIST_FILE = "InstantAlphaTests/InstantAlphaTests-Info.plist";
				PRODUCT_NAME = "$(TARGET_NAME)";
				TEST_HOST = "$(BUNDLE_LOADER)";
				WRAPPER_EXTENSION = xctest;
			};
			name = Release;
		};
/* End XCBuildConfiguration section */

/* Begin XCConfigurationList section */
		CAB6A7DA19149E0600576A36 /* Build configuration list for PBXProject "InstantAlpha" */ = {
			isa = XCConfigurationList;
			buildConfigurations = (
				CAB6A80E19149E0600576A36 /* Debug */,
				CAB6A80F19149E0600576A36 /* Release */,
			);
			defaultConfigurationIsVisible = 0;
			defaultConfigurationName = Release;
		};
		CAB6A81019149E0600576A36 /* Build configuration list for PBXNativeTarget "InstantAlpha" */ = {
			isa = XCConfigurationList;
			buildConfigurations = (
				CAB6A81119149E0600576A36 /* Debug */,
				CAB6A81219149E0600576A36 /* Release */,
			);
			defaultConfigurationIsVisible = 0;
		};
		CAB6A81319149E0600576A36 /* Build configuration list for PBXNativeTarget "InstantAlphaTests" */ = {
			isa = XCConfigurationList;
			buildConfigurations = (
				CAB6A81419149E0600576A36 /* Debug */,
				CAB6A81519149E0600576A36 /* Release */,
			);
			defaultConfigurationIsVisible = 0;
		};
/* End XCConfigurationList section */
	};
	rootObject = CAB6A7D719149E0600576A36 /* Project object */;
}
